// !$*UTF8*$!
{
	archiveVersion = 1;
	classes = {
	};
	objectVersion = 77;
	objects = {

/* Begin PBXBuildFile section */
		00138100E585E22822BB0F1C /* CrashReporting in Frameworks */ = {isa = PBXBuildFile; productRef = 8F5A6C3564FBD439EF0FBC20 /* CrashReporting */; };
		0251BA598276B026C0C4CAD3 /* DailyLogFailureStateTests.swift in Sources */ = {isa = PBXBuildFile; fileRef = CD2C076E08E25E6CFE03D62A /* DailyLogFailureStateTests.swift */; };
		04D3E783BAD0DC1079367732 /* SnapshotTesting in Frameworks */ = {isa = PBXBuildFile; productRef = DAEC0CC3DEAD8E3FBAEAFE29 /* SnapshotTesting */; };
		09C30113393314C20D401969 /* CoreTests.swift in Sources */ = {isa = PBXBuildFile; fileRef = 0F1922BF3BEBD3C27002F2D7 /* CoreTests.swift */; };
		0B3148D289DC979131D813F5 /* DailyLogFeatureTests.swift in Sources */ = {isa = PBXBuildFile; fileRef = 5984918B00B939F5310CB4F7 /* DailyLogFeatureTests.swift */; };
		0D379EA4ABA6152F057A9134 /* SupabaseClient in Frameworks */ = {isa = PBXBuildFile; productRef = C8C0CC9A8E4CE014A35C4BD5 /* SupabaseClient */; };
		16C4AA88D105F551DC23BFE6 /* Analytics in Frameworks */ = {isa = PBXBuildFile; productRef = 6C80E5D8F27C5735F8B5C3E1 /* Analytics */; };
		1BCB1DD82D1DF0599E229130 /* ComponentGallerySnapshotTests.swift in Sources */ = {isa = PBXBuildFile; fileRef = B1FFE6812124FEDF63F66AFF /* ComponentGallerySnapshotTests.swift */; };
		23275F307DF68E53AF774B23 /* HealthKitClient in Frameworks */ = {isa = PBXBuildFile; productRef = 5275277C2654D6AE1D8F8C09 /* HealthKitClient */; };
		24FE11C46090BD2F0F3DE4E8 /* FuelWellApp.swift in Sources */ = {isa = PBXBuildFile; fileRef = 6CA9C6656CAB7C1C83089C72 /* FuelWellApp.swift */; };
		2FA15D44276AA995E9F03582 /* SupabaseClient in Frameworks */ = {isa = PBXBuildFile; productRef = 43851B7DC17A7E4975E5DF8B /* SupabaseClient */; };
		308EA91C167DD40A31E8016E /* AnthropicClientTests.swift in Sources */ = {isa = PBXBuildFile; fileRef = 9C74CC19984E3437AF5CCE0C /* AnthropicClientTests.swift */; };
		32FC6A022D1A5E690887AF10 /* Core in Frameworks */ = {isa = PBXBuildFile; productRef = B5B5543DED540909B09D1EDC /* Core */; };
		46DCE2683117D957327FC93F /* AppFeatureTests.swift in Sources */ = {isa = PBXBuildFile; fileRef = 47ED229A15FF76E83E8AE703 /* AppFeatureTests.swift */; };
		4A0CAB4DC482140B2AC9D636 /* ComponentGalleryRenderTests.swift in Sources */ = {isa = PBXBuildFile; fileRef = AE88D7C304B0C1BA0647DE4D /* ComponentGalleryRenderTests.swift */; };
		50A890D6205BB70A187E71B5 /* Outfit-Variable.ttf in Resources */ = {isa = PBXBuildFile; fileRef = AA8195CED831D47B85B2D1A0 /* Outfit-Variable.ttf */; };
		5932B1786E235844770D782E /* DesignSystem in Frameworks */ = {isa = PBXBuildFile; productRef = 370FE810A7736B66746FACA9 /* DesignSystem */; };
		5F5DB4958C9C634B24FB37B3 /* DesignSystem in Frameworks */ = {isa = PBXBuildFile; productRef = 4D23E8317116A890B8DAA8FE /* DesignSystem */; };
		6B3E637187BD30858178A50B /* NutritionDomain in Frameworks */ = {isa = PBXBuildFile; productRef = 84199B457E3A5BCD30A3807A /* NutritionDomain */; };
		6B8D3ADD845D8AC83D20554E /* Nutrition in Frameworks */ = {isa = PBXBuildFile; productRef = 7FCB14C374EBEB5269EE3526 /* Nutrition */; };
		6D2691325A97B2F4CE504116 /* AnalyticsTests.swift in Sources */ = {isa = PBXBuildFile; fileRef = 8C0F7AAB7BBED97139CEEE47 /* AnalyticsTests.swift */; };
		72AA7B4A1E4116C85E4DD0D7 /* Analytics in Frameworks */ = {isa = PBXBuildFile; productRef = 67D490D2785A18B1328EA388 /* Analytics */; };
		755DFAFADA641F8D3367431F /* Inter-Variable.ttf in Resources */ = {isa = PBXBuildFile; fileRef = C35877AF42BEB66CACA82281 /* Inter-Variable.ttf */; };
		7B2833CC9BA78EA366A04FDD /* Core in Frameworks */ = {isa = PBXBuildFile; productRef = 58C84448500BAD0F7B2D201B /* Core */; };
		7B86D3915E80AACDF6C86388 /* CrashReportingTests.swift in Sources */ = {isa = PBXBuildFile; fileRef = 50C5BFF2EAEB63759B854E69 /* CrashReportingTests.swift */; };
		828AA6FB777F1CDC03805A2C /* App in Frameworks */ = {isa = PBXBuildFile; productRef = 159612099978ADB2428B15D4 /* App */; };
		8B214741ADCEF773C22621B8 /* SupabaseClientTests.swift in Sources */ = {isa = PBXBuildFile; fileRef = E87BC127E4591BBD7B5FB190 /* SupabaseClientTests.swift */; };
		8F6B160359BB70A1C50CC771 /* SupabaseClient in Frameworks */ = {isa = PBXBuildFile; productRef = 35F9875A95C99DBD77AE5434 /* SupabaseClient */; };
		92F494003A3D9A020E442A07 /* PersistenceTests.swift in Sources */ = {isa = PBXBuildFile; fileRef = 61512A7A4DAA2D43BD804368 /* PersistenceTests.swift */; };
		96922C84363B7364690F169F /* NutritionDomain in Frameworks */ = {isa = PBXBuildFile; productRef = DF3D5011F498564731103745 /* NutritionDomain */; };
		96B84DF5876AE3B8619608DC /* testComponentGalleryAccessibilitySnapshot.1.png in Resources */ = {isa = PBXBuildFile; fileRef = A6B65369A6BA9DE8A2C3B364 /* testComponentGalleryAccessibilitySnapshot.1.png */; };
		9BD4AB79B855F1F5D294BB66 /* PrivacyInfo.xcprivacy in Resources */ = {isa = PBXBuildFile; fileRef = 165F0021ABA3E00997286AAC /* PrivacyInfo.xcprivacy */; };
		9EBB2892A49EEFAA57D0998E /* App in Frameworks */ = {isa = PBXBuildFile; productRef = C9717509AAA91CD741114D46 /* App */; };
		A2645D1B22477907E6C56D91 /* Persistence in Frameworks */ = {isa = PBXBuildFile; productRef = 0AE45C2A0E182ACE99B2A8CB /* Persistence */; };
		A7904882610726BE6544C61B /* FuelWellCriticalPathUITests.swift in Sources */ = {isa = PBXBuildFile; fileRef = 3C59EC9F7EF8615D79F83B7C /* FuelWellCriticalPathUITests.swift */; };
		B14C6807722BEDC7D8C14C8F /* testComponentGalleryStandardSnapshot.1.png in Resources */ = {isa = PBXBuildFile; fileRef = FA3BC9E50227626EF370A623 /* testComponentGalleryStandardSnapshot.1.png */; };
		B3B14A3449901DA7B27138BA /* AnthropicClient in Frameworks */ = {isa = PBXBuildFile; productRef = 02A468A0B528BC794A35A371 /* AnthropicClient */; };
		B6BADB1365A5713F1B809D2A /* HealthKitClient in Frameworks */ = {isa = PBXBuildFile; productRef = EBFC0B46EB6060D743FD35F0 /* HealthKitClient */; };
		BB17FA9B2F23A69E89AEA220 /* Analytics in Frameworks */ = {isa = PBXBuildFile; productRef = 9A7A416ADA5337C051A9CA92 /* Analytics */; };
		C2D1F6674CF2F408203B5825 /* AnthropicClient in Frameworks */ = {isa = PBXBuildFile; productRef = D7977175BB469F04F6B14D50 /* AnthropicClient */; };
		C5595E55CDF1FE9BBA5220FF /* DMSans-Variable.ttf in Resources */ = {isa = PBXBuildFile; fileRef = FFB767E37D1AE0BB1D37EB2C /* DMSans-Variable.ttf */; };
		CABFC8C5FBF761742B3D36EF /* HealthKitClientTests.swift in Sources */ = {isa = PBXBuildFile; fileRef = DF042C3459C06538638038CC /* HealthKitClientTests.swift */; };
		CC47A7F9A56D63067082A79A /* NutritionDomain in Frameworks */ = {isa = PBXBuildFile; productRef = A4A62AF2AE14D6A785815F5F /* NutritionDomain */; };
		CDBA6B5EA4250DF41490DAA2 /* HealthKitClient in Frameworks */ = {isa = PBXBuildFile; productRef = 2EF8408FBB5A9D5CE9404D7B /* HealthKitClient */; };
		CEA676DAAFF8793964D8A9A7 /* ThemeTests.swift in Sources */ = {isa = PBXBuildFile; fileRef = 4B121203B5A518889F220416 /* ThemeTests.swift */; };
		D221C2E98E005F83CC4A66D1 /* CrashReporting in Frameworks */ = {isa = PBXBuildFile; productRef = ACE1B26EE237383A20C8998A /* CrashReporting */; };
		E03AB3DAD079A556D956AFA2 /* BrandFontTestSupport.swift in Sources */ = {isa = PBXBuildFile; fileRef = 8FA880CBB610408730DED8C0 /* BrandFontTestSupport.swift */; };
		E0EEC1FDF701A7D84C6E8CE6 /* Nutrition in Frameworks */ = {isa = PBXBuildFile; productRef = E0BB0FF27D90D4F853C2E30A /* Nutrition */; };
		E430105DEB14FA1DF5361AC3 /* testComponentGalleryCompactSnapshot.1.png in Resources */ = {isa = PBXBuildFile; fileRef = 92F937B0FC7D1B03570C7AA7 /* testComponentGalleryCompactSnapshot.1.png */; };
		E452520C8E3688317A97CD65 /* AnthropicClient in Frameworks */ = {isa = PBXBuildFile; productRef = FF0357DB14B82BEF78F23A72 /* AnthropicClient */; };
		F86E044D2CD7EC516B7BC3C5 /* CrashReporting in Frameworks */ = {isa = PBXBuildFile; productRef = 67FC99E3A4D52CF6EF835CAD /* CrashReporting */; };
		FCBD0876C8D0895EFAD842C7 /* MacroDecisionEngineTests.swift in Sources */ = {isa = PBXBuildFile; fileRef = 06F6BEFBE2E4B674A50B733F /* MacroDecisionEngineTests.swift */; };
/* End PBXBuildFile section */

/* Begin PBXContainerItemProxy section */
		268136D1A02E0EF95608D609 /* PBXContainerItemProxy */ = {
			isa = PBXContainerItemProxy;
			containerPortal = 2A9726E314373D145CDE4934 /* Project object */;
			proxyType = 1;
			remoteGlobalIDString = C2CA1E955E162F8261AF65EE;
			remoteInfo = FuelWellApp;
		};
/* End PBXContainerItemProxy section */

/* Begin PBXFileReference section */
		06F6BEFBE2E4B674A50B733F /* MacroDecisionEngineTests.swift */ = {isa = PBXFileReference; lastKnownFileType = sourcecode.swift; path = MacroDecisionEngineTests.swift; sourceTree = "<group>"; };
		0A277A0A924638199BF69B4E /* Nutrition */ = {isa = PBXFileReference; lastKnownFileType = folder; name = Nutrition; path = Features/Nutrition; sourceTree = SOURCE_ROOT; };
		0F1922BF3BEBD3C27002F2D7 /* CoreTests.swift */ = {isa = PBXFileReference; lastKnownFileType = sourcecode.swift; path = CoreTests.swift; sourceTree = "<group>"; };
		165F0021ABA3E00997286AAC /* PrivacyInfo.xcprivacy */ = {isa = PBXFileReference; path = PrivacyInfo.xcprivacy; sourceTree = "<group>"; };
		231F591E67A99C4846848A4B /* NutritionFeatureTests.xctest */ = {isa = PBXFileReference; includeInIndex = 0; lastKnownFileType = wrapper.cfbundle; path = NutritionFeatureTests.xctest; sourceTree = BUILT_PRODUCTS_DIR; };
		2BFE4A0D114885235E740870 /* AnthropicClientTests.xctest */ = {isa = PBXFileReference; includeInIndex = 0; lastKnownFileType = wrapper.cfbundle; path = AnthropicClientTests.xctest; sourceTree = BUILT_PRODUCTS_DIR; };
		2EAECD2204EB655CAAAFD5E5 /* Analytics */ = {isa = PBXFileReference; lastKnownFileType = folder; name = Analytics; path = Packages/Analytics; sourceTree = SOURCE_ROOT; };
		31C57EA7EB3516BFB4923EDE /* PersistenceTests.xctest */ = {isa = PBXFileReference; includeInIndex = 0; lastKnownFileType = wrapper.cfbundle; path = PersistenceTests.xctest; sourceTree = BUILT_PRODUCTS_DIR; };
		3C59EC9F7EF8615D79F83B7C /* FuelWellCriticalPathUITests.swift */ = {isa = PBXFileReference; lastKnownFileType = sourcecode.swift; path = FuelWellCriticalPathUITests.swift; sourceTree = "<group>"; };
		3CAF1EF868C725498221E215 /* HealthKitClientTests.xctest */ = {isa = PBXFileReference; includeInIndex = 0; lastKnownFileType = wrapper.cfbundle; path = HealthKitClientTests.xctest; sourceTree = BUILT_PRODUCTS_DIR; };
		409A9C45B5DE74A41495935C /* SupabaseClient */ = {isa = PBXFileReference; lastKnownFileType = folder; name = SupabaseClient; path = Packages/SupabaseClient; sourceTree = SOURCE_ROOT; };
		47ED229A15FF76E83E8AE703 /* AppFeatureTests.swift */ = {isa = PBXFileReference; lastKnownFileType = sourcecode.swift; path = AppFeatureTests.swift; sourceTree = "<group>"; };
		4B121203B5A518889F220416 /* ThemeTests.swift */ = {isa = PBXFileReference; lastKnownFileType = sourcecode.swift; path = ThemeTests.swift; sourceTree = "<group>"; };
		4B2F705E019039E659FDB75D /* AppTests.xctest */ = {isa = PBXFileReference; includeInIndex = 0; lastKnownFileType = wrapper.cfbundle; path = AppTests.xctest; sourceTree = BUILT_PRODUCTS_DIR; };
		4D71BBF4FC1AD348C933CFC2 /* DesignSystemTests.xctest */ = {isa = PBXFileReference; includeInIndex = 0; lastKnownFileType = wrapper.cfbundle; path = DesignSystemTests.xctest; sourceTree = BUILT_PRODUCTS_DIR; };
		4E2420AF60255FE400D1AF04 /* SupabaseClientTests.xctest */ = {isa = PBXFileReference; includeInIndex = 0; lastKnownFileType = wrapper.cfbundle; path = SupabaseClientTests.xctest; sourceTree = BUILT_PRODUCTS_DIR; };
		50C5BFF2EAEB63759B854E69 /* CrashReportingTests.swift */ = {isa = PBXFileReference; lastKnownFileType = sourcecode.swift; path = CrashReportingTests.swift; sourceTree = "<group>"; };
		5984918B00B939F5310CB4F7 /* DailyLogFeatureTests.swift */ = {isa = PBXFileReference; lastKnownFileType = sourcecode.swift; path = DailyLogFeatureTests.swift; sourceTree = "<group>"; };
		611D7A6B199A70FB3BB2A6E7 /* CrashReportingTests.xctest */ = {isa = PBXFileReference; includeInIndex = 0; lastKnownFileType = wrapper.cfbundle; path = CrashReportingTests.xctest; sourceTree = BUILT_PRODUCTS_DIR; };
		61512A7A4DAA2D43BD804368 /* PersistenceTests.swift */ = {isa = PBXFileReference; lastKnownFileType = sourcecode.swift; path = PersistenceTests.swift; sourceTree = "<group>"; };
		6CA9C6656CAB7C1C83089C72 /* FuelWellApp.swift */ = {isa = PBXFileReference; lastKnownFileType = sourcecode.swift; path = FuelWellApp.swift; sourceTree = "<group>"; };
		6DAFEB83DF99C301C3634D9A /* AnthropicClient */ = {isa = PBXFileReference; lastKnownFileType = folder; name = AnthropicClient; path = Packages/AnthropicClient; sourceTree = SOURCE_ROOT; };
		7757E50CAD1DD7535AE8CB66 /* CoreTests.xctest */ = {isa = PBXFileReference; includeInIndex = 0; lastKnownFileType = wrapper.cfbundle; path = CoreTests.xctest; sourceTree = BUILT_PRODUCTS_DIR; };
		861900CE59C0B45EB267EE5E /* App */ = {isa = PBXFileReference; lastKnownFileType = folder; name = App; path = Features/App; sourceTree = SOURCE_ROOT; };
		8C0F7AAB7BBED97139CEEE47 /* AnalyticsTests.swift */ = {isa = PBXFileReference; lastKnownFileType = sourcecode.swift; path = AnalyticsTests.swift; sourceTree = "<group>"; };
		8D184EE2B81C96B09945B6A7 /* HealthKitClient */ = {isa = PBXFileReference; lastKnownFileType = folder; name = HealthKitClient; path = Packages/HealthKitClient; sourceTree = SOURCE_ROOT; };
		8FA880CBB610408730DED8C0 /* BrandFontTestSupport.swift */ = {isa = PBXFileReference; lastKnownFileType = sourcecode.swift; path = BrandFontTestSupport.swift; sourceTree = "<group>"; };
		92F937B0FC7D1B03570C7AA7 /* testComponentGalleryCompactSnapshot.1.png */ = {isa = PBXFileReference; lastKnownFileType = image.png; path = testComponentGalleryCompactSnapshot.1.png; sourceTree = "<group>"; };
		9B253880B90B3461ED1C8DFA /* AnalyticsTests.xctest */ = {isa = PBXFileReference; includeInIndex = 0; lastKnownFileType = wrapper.cfbundle; path = AnalyticsTests.xctest; sourceTree = BUILT_PRODUCTS_DIR; };
		9C74CC19984E3437AF5CCE0C /* AnthropicClientTests.swift */ = {isa = PBXFileReference; lastKnownFileType = sourcecode.swift; path = AnthropicClientTests.swift; sourceTree = "<group>"; };
		A6B65369A6BA9DE8A2C3B364 /* testComponentGalleryAccessibilitySnapshot.1.png */ = {isa = PBXFileReference; lastKnownFileType = image.png; path = testComponentGalleryAccessibilitySnapshot.1.png; sourceTree = "<group>"; };
		AA8195CED831D47B85B2D1A0 /* Outfit-Variable.ttf */ = {isa = PBXFileReference; lastKnownFileType = file; path = "Outfit-Variable.ttf"; sourceTree = "<group>"; };
		AD17B4ABA97C270B763FF1CD /* NutritionDomainTests.xctest */ = {isa = PBXFileReference; includeInIndex = 0; lastKnownFileType = wrapper.cfbundle; path = NutritionDomainTests.xctest; sourceTree = BUILT_PRODUCTS_DIR; };
		AE88D7C304B0C1BA0647DE4D /* ComponentGalleryRenderTests.swift */ = {isa = PBXFileReference; lastKnownFileType = sourcecode.swift; path = ComponentGalleryRenderTests.swift; sourceTree = "<group>"; };
		B1EAC66EFCFC2CB8A89481FA /* FuelWellUITests.xctest */ = {isa = PBXFileReference; includeInIndex = 0; lastKnownFileType = wrapper.cfbundle; path = FuelWellUITests.xctest; sourceTree = BUILT_PRODUCTS_DIR; };
		B1FFE6812124FEDF63F66AFF /* ComponentGallerySnapshotTests.swift */ = {isa = PBXFileReference; lastKnownFileType = sourcecode.swift; path = ComponentGallerySnapshotTests.swift; sourceTree = "<group>"; };
		B9CEB224194E971DDEBD9AA0 /* Persistence */ = {isa = PBXFileReference; lastKnownFileType = folder; name = Persistence; path = Packages/Persistence; sourceTree = SOURCE_ROOT; };
		BE9240DF4329198C935AEECE /* CrashReporting */ = {isa = PBXFileReference; lastKnownFileType = folder; name = CrashReporting; path = Packages/CrashReporting; sourceTree = SOURCE_ROOT; };
		C35877AF42BEB66CACA82281 /* Inter-Variable.ttf */ = {isa = PBXFileReference; lastKnownFileType = file; path = "Inter-Variable.ttf"; sourceTree = "<group>"; };
		C80BB3055E9CA31719A9FE33 /* FuelWellApp.app */ = {isa = PBXFileReference; includeInIndex = 0; lastKnownFileType = wrapper.application; path = FuelWellApp.app; sourceTree = BUILT_PRODUCTS_DIR; };
		CD2C076E08E25E6CFE03D62A /* DailyLogFailureStateTests.swift */ = {isa = PBXFileReference; lastKnownFileType = sourcecode.swift; path = DailyLogFailureStateTests.swift; sourceTree = "<group>"; };
		D59EA91E45C2851A49603D09 /* NutritionDomain */ = {isa = PBXFileReference; lastKnownFileType = folder; name = NutritionDomain; path = Packages/NutritionDomain; sourceTree = SOURCE_ROOT; };
		D7621B9AA750FF5C21B4E26A /* Networking */ = {isa = PBXFileReference; lastKnownFileType = folder; name = Networking; path = Packages/Networking; sourceTree = SOURCE_ROOT; };
		DE805F56F775B95F520692DA /* DesignSystem */ = {isa = PBXFileReference; lastKnownFileType = folder; name = DesignSystem; path = Packages/DesignSystem; sourceTree = SOURCE_ROOT; };
		DF042C3459C06538638038CC /* HealthKitClientTests.swift */ = {isa = PBXFileReference; lastKnownFileType = sourcecode.swift; path = HealthKitClientTests.swift; sourceTree = "<group>"; };
		E87BC127E4591BBD7B5FB190 /* SupabaseClientTests.swift */ = {isa = PBXFileReference; lastKnownFileType = sourcecode.swift; path = SupabaseClientTests.swift; sourceTree = "<group>"; };
		FA3BC9E50227626EF370A623 /* testComponentGalleryStandardSnapshot.1.png */ = {isa = PBXFileReference; lastKnownFileType = image.png; path = testComponentGalleryStandardSnapshot.1.png; sourceTree = "<group>"; };
		FA93EEDE5E862918DEBEE5AF /* Core */ = {isa = PBXFileReference; lastKnownFileType = folder; name = Core; path = Packages/Core; sourceTree = SOURCE_ROOT; };
		FFB767E37D1AE0BB1D37EB2C /* DMSans-Variable.ttf */ = {isa = PBXFileReference; lastKnownFileType = file; path = "DMSans-Variable.ttf"; sourceTree = "<group>"; };
/* End PBXFileReference section */

/* Begin PBXFrameworksBuildPhase section */
		032613A7574CD336B968050B /* Frameworks */ = {
			isa = PBXFrameworksBuildPhase;
			buildActionMask = 2147483647;
			files = (
				5F5DB4958C9C634B24FB37B3 /* DesignSystem in Frameworks */,
				04D3E783BAD0DC1079367732 /* SnapshotTesting in Frameworks */,
			);
			runOnlyForDeploymentPostprocessing = 0;
		};
		0799C73DC60026696F9431AA /* Frameworks */ = {
			isa = PBXFrameworksBuildPhase;
			buildActionMask = 2147483647;
			files = (
				828AA6FB777F1CDC03805A2C /* App in Frameworks */,
				5932B1786E235844770D782E /* DesignSystem in Frameworks */,
				16C4AA88D105F551DC23BFE6 /* Analytics in Frameworks */,
				B3B14A3449901DA7B27138BA /* AnthropicClient in Frameworks */,
				D221C2E98E005F83CC4A66D1 /* CrashReporting in Frameworks */,
				B6BADB1365A5713F1B809D2A /* HealthKitClient in Frameworks */,
				96922C84363B7364690F169F /* NutritionDomain in Frameworks */,
				E0EEC1FDF701A7D84C6E8CE6 /* Nutrition in Frameworks */,
				8F6B160359BB70A1C50CC771 /* SupabaseClient in Frameworks */,
			);
			runOnlyForDeploymentPostprocessing = 0;
		};
		1FF1C1EDBFFBB7B720DE5410 /* Frameworks */ = {
			isa = PBXFrameworksBuildPhase;
			buildActionMask = 2147483647;
			files = (
				F86E044D2CD7EC516B7BC3C5 /* CrashReporting in Frameworks */,
			);
			runOnlyForDeploymentPostprocessing = 0;
		};
		26E1D643AF61DF9C392C1074 /* Frameworks */ = {
			isa = PBXFrameworksBuildPhase;
			buildActionMask = 2147483647;
			files = (
				E452520C8E3688317A97CD65 /* AnthropicClient in Frameworks */,
			);
			runOnlyForDeploymentPostprocessing = 0;
		};
		608FD3C5C93D237EE33407A2 /* Frameworks */ = {
			isa = PBXFrameworksBuildPhase;
			buildActionMask = 2147483647;
			files = (
				72AA7B4A1E4116C85E4DD0D7 /* Analytics in Frameworks */,
			);
			runOnlyForDeploymentPostprocessing = 0;
		};
		6E0A933B3B3793ADCBE0C057 /* Frameworks */ = {
			isa = PBXFrameworksBuildPhase;
			buildActionMask = 2147483647;
			files = (
				32FC6A022D1A5E690887AF10 /* Core in Frameworks */,
			);
			runOnlyForDeploymentPostprocessing = 0;
		};
		87C16FF6834211A8A191845E /* Frameworks */ = {
			isa = PBXFrameworksBuildPhase;
			buildActionMask = 2147483647;
			files = (
				6B8D3ADD845D8AC83D20554E /* Nutrition in Frameworks */,
				7B2833CC9BA78EA366A04FDD /* Core in Frameworks */,
			);
			runOnlyForDeploymentPostprocessing = 0;
		};
		A7AEF510BD7C97C6808C96E3 /* Frameworks */ = {
			isa = PBXFrameworksBuildPhase;
			buildActionMask = 2147483647;
			files = (
				23275F307DF68E53AF774B23 /* HealthKitClient in Frameworks */,
			);
			runOnlyForDeploymentPostprocessing = 0;
		};
		B007CAC56C723BE23E62530E /* Frameworks */ = {
			isa = PBXFrameworksBuildPhase;
			buildActionMask = 2147483647;
			files = (
				2FA15D44276AA995E9F03582 /* SupabaseClient in Frameworks */,
			);
			runOnlyForDeploymentPostprocessing = 0;
		};
		BAA9CD679051F465A71847C9 /* Frameworks */ = {
			isa = PBXFrameworksBuildPhase;
			buildActionMask = 2147483647;
			files = (
				A2645D1B22477907E6C56D91 /* Persistence in Frameworks */,
			);
			runOnlyForDeploymentPostprocessing = 0;
		};
		F7E1287AF111CA153C3AC4B8 /* Frameworks */ = {
			isa = PBXFrameworksBuildPhase;
			buildActionMask = 2147483647;
			files = (
				CC47A7F9A56D63067082A79A /* NutritionDomain in Frameworks */,
			);
			runOnlyForDeploymentPostprocessing = 0;
		};
		FA66BF656939346D755D4747 /* Frameworks */ = {
			isa = PBXFrameworksBuildPhase;
			buildActionMask = 2147483647;
			files = (
				9EBB2892A49EEFAA57D0998E /* App in Frameworks */,
				BB17FA9B2F23A69E89AEA220 /* Analytics in Frameworks */,
				C2D1F6674CF2F408203B5825 /* AnthropicClient in Frameworks */,
				00138100E585E22822BB0F1C /* CrashReporting in Frameworks */,
				CDBA6B5EA4250DF41490DAA2 /* HealthKitClient in Frameworks */,
				6B3E637187BD30858178A50B /* NutritionDomain in Frameworks */,
				0D379EA4ABA6152F057A9134 /* SupabaseClient in Frameworks */,
			);
			runOnlyForDeploymentPostprocessing = 0;
		};
/* End PBXFrameworksBuildPhase section */

/* Begin PBXGroup section */
		0C1CF53AB0AB57664D5F1593 /* ComponentGallerySnapshotTests */ = {
			isa = PBXGroup;
			children = (
				A6B65369A6BA9DE8A2C3B364 /* testComponentGalleryAccessibilitySnapshot.1.png */,
				92F937B0FC7D1B03570C7AA7 /* testComponentGalleryCompactSnapshot.1.png */,
				FA3BC9E50227626EF370A623 /* testComponentGalleryStandardSnapshot.1.png */,
			);
			path = ComponentGallerySnapshotTests;
			sourceTree = "<group>";
		};
		0E2E5E54DD7DFEC1C466512A /* DesignSystemTests */ = {
			isa = PBXGroup;
			children = (
				8FA880CBB610408730DED8C0 /* BrandFontTestSupport.swift */,
				AE88D7C304B0C1BA0647DE4D /* ComponentGalleryRenderTests.swift */,
				B1FFE6812124FEDF63F66AFF /* ComponentGallerySnapshotTests.swift */,
				4B121203B5A518889F220416 /* ThemeTests.swift */,
				5D6C7F050AAE782D602DBB9E /* __Snapshots__ */,
			);
			name = DesignSystemTests;
			path = Packages/DesignSystem/Tests/DesignSystemTests;
			sourceTree = "<group>";
		};
		18B3057397C907BA6B000FC7 /* FuelWellUITests */ = {
			isa = PBXGroup;
			children = (
				3C59EC9F7EF8615D79F83B7C /* FuelWellCriticalPathUITests.swift */,
			);
			path = FuelWellUITests;
			sourceTree = "<group>";
		};
		31E349595067FB66F9D060DC /* CrashReportingTests */ = {
			isa = PBXGroup;
			children = (
				50C5BFF2EAEB63759B854E69 /* CrashReportingTests.swift */,
			);
			name = CrashReportingTests;
			path = Packages/CrashReporting/Tests/CrashReportingTests;
			sourceTree = "<group>";
		};
		3659771EF331DBD8E03ED9A1 /* AnalyticsTests */ = {
			isa = PBXGroup;
			children = (
				8C0F7AAB7BBED97139CEEE47 /* AnalyticsTests.swift */,
			);
			name = AnalyticsTests;
			path = Packages/Analytics/Tests/AnalyticsTests;
			sourceTree = "<group>";
		};
		3A1A54B607B1629DCCA1B59E /* CoreTests */ = {
			isa = PBXGroup;
			children = (
				0F1922BF3BEBD3C27002F2D7 /* CoreTests.swift */,
			);
			name = CoreTests;
			path = Packages/Core/Tests/CoreTests;
			sourceTree = "<group>";
		};
		4969F225C8640DB5294F6ED5 /* Sources */ = {
			isa = PBXGroup;
			children = (
				6CA9C6656CAB7C1C83089C72 /* FuelWellApp.swift */,
			);
			name = Sources;
			path = FuelWellApp/Sources;
			sourceTree = "<group>";
		};
		504A9252CA659A2E601EC50D /* HealthKitClientTests */ = {
			isa = PBXGroup;
			children = (
				DF042C3459C06538638038CC /* HealthKitClientTests.swift */,
			);
			name = HealthKitClientTests;
			path = Packages/HealthKitClient/Tests/HealthKitClientTests;
			sourceTree = "<group>";
		};
		5328C9CAE97238A27F1C0826 /* AnthropicClientTests */ = {
			isa = PBXGroup;
			children = (
				9C74CC19984E3437AF5CCE0C /* AnthropicClientTests.swift */,
			);
			name = AnthropicClientTests;
			path = Packages/AnthropicClient/Tests/AnthropicClientTests;
			sourceTree = "<group>";
		};
		5D6C7F050AAE782D602DBB9E /* __Snapshots__ */ = {
			isa = PBXGroup;
			children = (
				0C1CF53AB0AB57664D5F1593 /* ComponentGallerySnapshotTests */,
			);
			path = __Snapshots__;
			sourceTree = "<group>";
		};
		79BFA6DD02BD86816C7E076B /* AppTests */ = {
			isa = PBXGroup;
			children = (
				47ED229A15FF76E83E8AE703 /* AppFeatureTests.swift */,
			);
			name = AppTests;
			path = Features/App/Tests/AppTests;
			sourceTree = "<group>";
		};
		7D7F7C0172E0B3D15E76EEC0 /* Products */ = {
			isa = PBXGroup;
			children = (
				9B253880B90B3461ED1C8DFA /* AnalyticsTests.xctest */,
				2BFE4A0D114885235E740870 /* AnthropicClientTests.xctest */,
				4B2F705E019039E659FDB75D /* AppTests.xctest */,
				7757E50CAD1DD7535AE8CB66 /* CoreTests.xctest */,
				611D7A6B199A70FB3BB2A6E7 /* CrashReportingTests.xctest */,
				4D71BBF4FC1AD348C933CFC2 /* DesignSystemTests.xctest */,
				C80BB3055E9CA31719A9FE33 /* FuelWellApp.app */,
				B1EAC66EFCFC2CB8A89481FA /* FuelWellUITests.xctest */,
				3CAF1EF868C725498221E215 /* HealthKitClientTests.xctest */,
				AD17B4ABA97C270B763FF1CD /* NutritionDomainTests.xctest */,
				231F591E67A99C4846848A4B /* NutritionFeatureTests.xctest */,
				31C57EA7EB3516BFB4923EDE /* PersistenceTests.xctest */,
				4E2420AF60255FE400D1AF04 /* SupabaseClientTests.xctest */,
			);
			name = Products;
			sourceTree = "<group>";
		};
		83F7244B990EF089B98A0B6E /* NutritionTests */ = {
			isa = PBXGroup;
			children = (
				CD2C076E08E25E6CFE03D62A /* DailyLogFailureStateTests.swift */,
				5984918B00B939F5310CB4F7 /* DailyLogFeatureTests.swift */,
			);
			name = NutritionTests;
			path = Features/Nutrition/Tests/NutritionTests;
			sourceTree = "<group>";
		};
		8C40DF50F6D8387735D9AF24 /* Fonts */ = {
			isa = PBXGroup;
			children = (
				FFB767E37D1AE0BB1D37EB2C /* DMSans-Variable.ttf */,
				C35877AF42BEB66CACA82281 /* Inter-Variable.ttf */,
				AA8195CED831D47B85B2D1A0 /* Outfit-Variable.ttf */,
			);
			path = Fonts;
			sourceTree = "<group>";
		};
		9E6F1252CC99F34C624C985F /* Resources */ = {
			isa = PBXGroup;
			children = (
				165F0021ABA3E00997286AAC /* PrivacyInfo.xcprivacy */,
				8C40DF50F6D8387735D9AF24 /* Fonts */,
			);
			name = Resources;
			path = FuelWellApp/Resources;
			sourceTree = "<group>";
		};
		AF02B3B8DDEAEA8573D781F9 = {
			isa = PBXGroup;
			children = (
				3659771EF331DBD8E03ED9A1 /* AnalyticsTests */,
				5328C9CAE97238A27F1C0826 /* AnthropicClientTests */,
				79BFA6DD02BD86816C7E076B /* AppTests */,
				3A1A54B607B1629DCCA1B59E /* CoreTests */,
				31E349595067FB66F9D060DC /* CrashReportingTests */,
				0E2E5E54DD7DFEC1C466512A /* DesignSystemTests */,
				18B3057397C907BA6B000FC7 /* FuelWellUITests */,
				504A9252CA659A2E601EC50D /* HealthKitClientTests */,
				C5EBFEFADA1BA60F4D26D5DE /* NutritionDomainTests */,
				83F7244B990EF089B98A0B6E /* NutritionTests */,
				F0AE411B2E556D7B6A0B4499 /* Packages */,
				C105F591167C2EF5A7D65CE1 /* PersistenceTests */,
				9E6F1252CC99F34C624C985F /* Resources */,
				4969F225C8640DB5294F6ED5 /* Sources */,
				E0D9F9B1D588D054F375588E /* SupabaseClientTests */,
				7D7F7C0172E0B3D15E76EEC0 /* Products */,
			);
			sourceTree = "<group>";
		};
		C105F591167C2EF5A7D65CE1 /* PersistenceTests */ = {
			isa = PBXGroup;
			children = (
				61512A7A4DAA2D43BD804368 /* PersistenceTests.swift */,
			);
			name = PersistenceTests;
			path = Packages/Persistence/Tests/PersistenceTests;
			sourceTree = "<group>";
		};
		C5EBFEFADA1BA60F4D26D5DE /* NutritionDomainTests */ = {
			isa = PBXGroup;
			children = (
				06F6BEFBE2E4B674A50B733F /* MacroDecisionEngineTests.swift */,
			);
			name = NutritionDomainTests;
			path = Packages/NutritionDomain/Tests/NutritionDomainTests;
			sourceTree = "<group>";
		};
		E0D9F9B1D588D054F375588E /* SupabaseClientTests */ = {
			isa = PBXGroup;
			children = (
				E87BC127E4591BBD7B5FB190 /* SupabaseClientTests.swift */,
			);
			name = SupabaseClientTests;
			path = Packages/SupabaseClient/Tests/SupabaseClientTests;
			sourceTree = "<group>";
		};
		F0AE411B2E556D7B6A0B4499 /* Packages */ = {
			isa = PBXGroup;
			children = (
				2EAECD2204EB655CAAAFD5E5 /* Analytics */,
				6DAFEB83DF99C301C3634D9A /* AnthropicClient */,
				861900CE59C0B45EB267EE5E /* App */,
				FA93EEDE5E862918DEBEE5AF /* Core */,
				BE9240DF4329198C935AEECE /* CrashReporting */,
				DE805F56F775B95F520692DA /* DesignSystem */,
				8D184EE2B81C96B09945B6A7 /* HealthKitClient */,
				D7621B9AA750FF5C21B4E26A /* Networking */,
				0A277A0A924638199BF69B4E /* Nutrition */,
				D59EA91E45C2851A49603D09 /* NutritionDomain */,
				B9CEB224194E971DDEBD9AA0 /* Persistence */,
				409A9C45B5DE74A41495935C /* SupabaseClient */,
			);
			path = Packages;
			sourceTree = "<group>";
		};
/* End PBXGroup section */

/* Begin PBXNativeTarget section */
		010A4979F16A9FCCE2BE98C1 /* AnthropicClientTests */ = {
			isa = PBXNativeTarget;
			buildConfigurationList = 50A0AEAD8B99E26B2934D4F8 /* Build configuration list for PBXNativeTarget "AnthropicClientTests" */;
			buildPhases = (
				08221640B580B5C5E648E048 /* Sources */,
				26E1D643AF61DF9C392C1074 /* Frameworks */,
			);
			buildRules = (
			);
			dependencies = (
			);
			name = AnthropicClientTests;
			packageProductDependencies = (
				FF0357DB14B82BEF78F23A72 /* AnthropicClient */,
			);
			productName = AnthropicClientTests;
			productReference = 2BFE4A0D114885235E740870 /* AnthropicClientTests.xctest */;
			productType = "com.apple.product-type.bundle.unit-test";
		};
		0A13693D0B4512F560C4657A /* AnalyticsTests */ = {
			isa = PBXNativeTarget;
			buildConfigurationList = 3283B1FC04AE8A13D52792BE /* Build configuration list for PBXNativeTarget "AnalyticsTests" */;
			buildPhases = (
				D4217AEFEF1932F6BD56EFFD /* Sources */,
				608FD3C5C93D237EE33407A2 /* Frameworks */,
			);
			buildRules = (
			);
			dependencies = (
			);
			name = AnalyticsTests;
			packageProductDependencies = (
				67D490D2785A18B1328EA388 /* Analytics */,
			);
			productName = AnalyticsTests;
			productReference = 9B253880B90B3461ED1C8DFA /* AnalyticsTests.xctest */;
			productType = "com.apple.product-type.bundle.unit-test";
		};
		17A0CBA569BD5AE2836F13E9 /* PersistenceTests */ = {
			isa = PBXNativeTarget;
			buildConfigurationList = B3BCC7F77D0F139DC6E7E172 /* Build configuration list for PBXNativeTarget "PersistenceTests" */;
			buildPhases = (
				3F841726B3C24F7AD89B4DB3 /* Sources */,
				BAA9CD679051F465A71847C9 /* Frameworks */,
			);
			buildRules = (
			);
			dependencies = (
			);
			name = PersistenceTests;
			packageProductDependencies = (
				0AE45C2A0E182ACE99B2A8CB /* Persistence */,
			);
			productName = PersistenceTests;
			productReference = 31C57EA7EB3516BFB4923EDE /* PersistenceTests.xctest */;
			productType = "com.apple.product-type.bundle.unit-test";
		};
		5D8FBFD9FDC520E7735CF092 /* DesignSystemTests */ = {
			isa = PBXNativeTarget;
			buildConfigurationList = 87DCD4D82E4255757563D201 /* Build configuration list for PBXNativeTarget "DesignSystemTests" */;
			buildPhases = (
				17D43A46582678CB0D45CDE8 /* Sources */,
				48A32E31F70E7953715D82D3 /* Resources */,
				032613A7574CD336B968050B /* Frameworks */,
			);
			buildRules = (
			);
			dependencies = (
			);
			name = DesignSystemTests;
			packageProductDependencies = (
				4D23E8317116A890B8DAA8FE /* DesignSystem */,
				DAEC0CC3DEAD8E3FBAEAFE29 /* SnapshotTesting */,
			);
			productName = DesignSystemTests;
			productReference = 4D71BBF4FC1AD348C933CFC2 /* DesignSystemTests.xctest */;
			productType = "com.apple.product-type.bundle.unit-test";
		};
		6298DBD7BE936F87C399D12B /* SupabaseClientTests */ = {
			isa = PBXNativeTarget;
			buildConfigurationList = 0066C506612C18BE6DE6E1E6 /* Build configuration list for PBXNativeTarget "SupabaseClientTests" */;
			buildPhases = (
				D6753BCD727205A2BE71ACA5 /* Sources */,
				B007CAC56C723BE23E62530E /* Frameworks */,
			);
			buildRules = (
			);
			dependencies = (
			);
			name = SupabaseClientTests;
			packageProductDependencies = (
				43851B7DC17A7E4975E5DF8B /* SupabaseClient */,
			);
			productName = SupabaseClientTests;
			productReference = 4E2420AF60255FE400D1AF04 /* SupabaseClientTests.xctest */;
			productType = "com.apple.product-type.bundle.unit-test";
		};
		6F9A91BB3BA886B9C74CD8C2 /* AppTests */ = {
			isa = PBXNativeTarget;
			buildConfigurationList = F2FD6A5373636A01752F4A02 /* Build configuration list for PBXNativeTarget "AppTests" */;
			buildPhases = (
				2A1A07BB3B6AE2685ECE5339 /* Sources */,
				FA66BF656939346D755D4747 /* Frameworks */,
			);
			buildRules = (
			);
			dependencies = (
			);
			name = AppTests;
			packageProductDependencies = (
				C9717509AAA91CD741114D46 /* App */,
				9A7A416ADA5337C051A9CA92 /* Analytics */,
				D7977175BB469F04F6B14D50 /* AnthropicClient */,
				8F5A6C3564FBD439EF0FBC20 /* CrashReporting */,
				2EF8408FBB5A9D5CE9404D7B /* HealthKitClient */,
				84199B457E3A5BCD30A3807A /* NutritionDomain */,
				C8C0CC9A8E4CE014A35C4BD5 /* SupabaseClient */,
			);
			productName = AppTests;
			productReference = 4B2F705E019039E659FDB75D /* AppTests.xctest */;
			productType = "com.apple.product-type.bundle.unit-test";
		};
		8ACFA4D29183B335B7029E31 /* FuelWellUITests */ = {
			isa = PBXNativeTarget;
			buildConfigurationList = EE122E026AAC49F93BF20497 /* Build configuration list for PBXNativeTarget "FuelWellUITests" */;
			buildPhases = (
				225874D05E6A91C717F37597 /* Sources */,
			);
			buildRules = (
			);
			dependencies = (
				EA176CDF0BFD40DAD2A85E7B /* PBXTargetDependency */,
			);
			name = FuelWellUITests;
			packageProductDependencies = (
			);
			productName = FuelWellUITests;
			productReference = B1EAC66EFCFC2CB8A89481FA /* FuelWellUITests.xctest */;
			productType = "com.apple.product-type.bundle.ui-testing";
		};
		B19780B0F0B06BDF90A682EC /* NutritionFeatureTests */ = {
			isa = PBXNativeTarget;
			buildConfigurationList = 5F7FF2E2C3646756306D22D4 /* Build configuration list for PBXNativeTarget "NutritionFeatureTests" */;
			buildPhases = (
				6599E418FB38925D5715A8BD /* Sources */,
				87C16FF6834211A8A191845E /* Frameworks */,
			);
			buildRules = (
			);
			dependencies = (
			);
			name = NutritionFeatureTests;
			packageProductDependencies = (
				7FCB14C374EBEB5269EE3526 /* Nutrition */,
				58C84448500BAD0F7B2D201B /* Core */,
			);
			productName = NutritionFeatureTests;
			productReference = 231F591E67A99C4846848A4B /* NutritionFeatureTests.xctest */;
			productType = "com.apple.product-type.bundle.unit-test";
		};
		B3DF299CD302435A019CDA3D /* CrashReportingTests */ = {
			isa = PBXNativeTarget;
			buildConfigurationList = F14D109BD16C4356B335E1A0 /* Build configuration list for PBXNativeTarget "CrashReportingTests" */;
			buildPhases = (
				A6E453FFB540D92BB7B12A91 /* Sources */,
				1FF1C1EDBFFBB7B720DE5410 /* Frameworks */,
			);
			buildRules = (
			);
			dependencies = (
			);
			name = CrashReportingTests;
			packageProductDependencies = (
				67FC99E3A4D52CF6EF835CAD /* CrashReporting */,
			);
			productName = CrashReportingTests;
			productReference = 611D7A6B199A70FB3BB2A6E7 /* CrashReportingTests.xctest */;
			productType = "com.apple.product-type.bundle.unit-test";
		};
		C2CA1E955E162F8261AF65EE /* FuelWellApp */ = {
			isa = PBXNativeTarget;
			buildConfigurationList = 8E81FCF2A71CD70F8698D1DC /* Build configuration list for PBXNativeTarget "FuelWellApp" */;
			buildPhases = (
				F28E320FBFF85119E8B0BEBB /* Sources */,
				F736D546F85186001CD1B5FA /* Resources */,
				0799C73DC60026696F9431AA /* Frameworks */,
			);
			buildRules = (
			);
			dependencies = (
			);
			name = FuelWellApp;
			packageProductDependencies = (
				159612099978ADB2428B15D4 /* App */,
				370FE810A7736B66746FACA9 /* DesignSystem */,
				6C80E5D8F27C5735F8B5C3E1 /* Analytics */,
				02A468A0B528BC794A35A371 /* AnthropicClient */,
				ACE1B26EE237383A20C8998A /* CrashReporting */,
				EBFC0B46EB6060D743FD35F0 /* HealthKitClient */,
				DF3D5011F498564731103745 /* NutritionDomain */,
				E0BB0FF27D90D4F853C2E30A /* Nutrition */,
				35F9875A95C99DBD77AE5434 /* SupabaseClient */,
			);
			productName = FuelWellApp;
			productReference = C80BB3055E9CA31719A9FE33 /* FuelWellApp.app */;
			productType = "com.apple.product-type.application";
		};
		CE9B743CB865DD1F0C435B5B /* NutritionDomainTests */ = {
			isa = PBXNativeTarget;
			buildConfigurationList = 82958399E8594F6166BE7A49 /* Build configuration list for PBXNativeTarget "NutritionDomainTests" */;
			buildPhases = (
				DC3F8FF2D47CC6CC8DB283EC /* Sources */,
				F7E1287AF111CA153C3AC4B8 /* Frameworks */,
			);
			buildRules = (
			);
			dependencies = (
			);
			name = NutritionDomainTests;
			packageProductDependencies = (
				A4A62AF2AE14D6A785815F5F /* NutritionDomain */,
			);
			productName = NutritionDomainTests;
			productReference = AD17B4ABA97C270B763FF1CD /* NutritionDomainTests.xctest */;
			productType = "com.apple.product-type.bundle.unit-test";
		};
		EBDA7026A910722A15EF9240 /* HealthKitClientTests */ = {
			isa = PBXNativeTarget;
			buildConfigurationList = 3682DB32E1E5BEC40DE42B85 /* Build configuration list for PBXNativeTarget "HealthKitClientTests" */;
			buildPhases = (
				355891F76FD271A44BD8A253 /* Sources */,
				A7AEF510BD7C97C6808C96E3 /* Frameworks */,
			);
			buildRules = (
			);
			dependencies = (
			);
			name = HealthKitClientTests;
			packageProductDependencies = (
				5275277C2654D6AE1D8F8C09 /* HealthKitClient */,
			);
			productName = HealthKitClientTests;
			productReference = 3CAF1EF868C725498221E215 /* HealthKitClientTests.xctest */;
			productType = "com.apple.product-type.bundle.unit-test";
		};
		F01C3EE64BF88611BB99926E /* CoreTests */ = {
			isa = PBXNativeTarget;
			buildConfigurationList = 84868660B47CC675F0F68A72 /* Build configuration list for PBXNativeTarget "CoreTests" */;
			buildPhases = (
				983D46B6421048EC2325DE84 /* Sources */,
				6E0A933B3B3793ADCBE0C057 /* Frameworks */,
			);
			buildRules = (
			);
			dependencies = (
			);
			name = CoreTests;
			packageProductDependencies = (
				B5B5543DED540909B09D1EDC /* Core */,
			);
			productName = CoreTests;
			productReference = 7757E50CAD1DD7535AE8CB66 /* CoreTests.xctest */;
			productType = "com.apple.product-type.bundle.unit-test";
		};
/* End PBXNativeTarget section */

/* Begin PBXProject section */
		2A9726E314373D145CDE4934 /* Project object */ = {
			isa = PBXProject;
			attributes = {
				BuildIndependentTargetsInParallel = YES;
				LastUpgradeCheck = 2600;
				TargetAttributes = {
					8ACFA4D29183B335B7029E31 = {
						TestTargetID = C2CA1E955E162F8261AF65EE;
					};
				};
			};
			buildConfigurationList = D5730280C81149AA11794C4A /* Build configuration list for PBXProject "FuelWellApp" */;
			developmentRegion = en;
			hasScannedForEncodings = 0;
			knownRegions = (
				Base,
				en,
			);
			mainGroup = AF02B3B8DDEAEA8573D781F9;
			minimizedProjectReferenceProxies = 1;
			packageReferences = (
				AF9EFD352A5A98678C942C22 /* XCRemoteSwiftPackageReference "swift-snapshot-testing" */,
				069122B95B2B2D4D9841AD7A /* XCLocalSwiftPackageReference "Packages/Analytics" */,
				D3B088CF713C2D038C96E5C6 /* XCLocalSwiftPackageReference "Packages/AnthropicClient" */,
				B3F0EFDB5AF59C69402F2259 /* XCLocalSwiftPackageReference "Features/App" */,
				F476E6E8BBB4B9B4C316D18D /* XCLocalSwiftPackageReference "Packages/Core" */,
				006588EB2BA1F07104BFA099 /* XCLocalSwiftPackageReference "Packages/CrashReporting" */,
				6B9AA57CE984994EDE606450 /* XCLocalSwiftPackageReference "Packages/DesignSystem" */,
				E70C7A614417DFF1AC4D2866 /* XCLocalSwiftPackageReference "Packages/HealthKitClient" */,
				6C4CDCEB2517CF9553863029 /* XCLocalSwiftPackageReference "Packages/Networking" */,
				3BC61DC11822108B2AA816CE /* XCLocalSwiftPackageReference "Packages/NutritionDomain" */,
				CDAA9B45CDB22CA36755AB9D /* XCLocalSwiftPackageReference "Features/Nutrition" */,
				262A3E2C14A35915F962359B /* XCLocalSwiftPackageReference "Packages/Persistence" */,
				ACE30396F7A5608CAD17BF1C /* XCLocalSwiftPackageReference "Packages/SupabaseClient" */,
			);
			preferredProjectObjectVersion = 77;
			productRefGroup = 7D7F7C0172E0B3D15E76EEC0 /* Products */;
			projectDirPath = "";
			projectRoot = "";
			targets = (
				0A13693D0B4512F560C4657A /* AnalyticsTests */,
				010A4979F16A9FCCE2BE98C1 /* AnthropicClientTests */,
				6F9A91BB3BA886B9C74CD8C2 /* AppTests */,
				F01C3EE64BF88611BB99926E /* CoreTests */,
				B3DF299CD302435A019CDA3D /* CrashReportingTests */,
				5D8FBFD9FDC520E7735CF092 /* DesignSystemTests */,
				C2CA1E955E162F8261AF65EE /* FuelWellApp */,
				8ACFA4D29183B335B7029E31 /* FuelWellUITests */,
				EBDA7026A910722A15EF9240 /* HealthKitClientTests */,
				CE9B743CB865DD1F0C435B5B /* NutritionDomainTests */,
				B19780B0F0B06BDF90A682EC /* NutritionFeatureTests */,
				17A0CBA569BD5AE2836F13E9 /* PersistenceTests */,
				6298DBD7BE936F87C399D12B /* SupabaseClientTests */,
			);
		};
/* End PBXProject section */

/* Begin PBXResourcesBuildPhase section */
		48A32E31F70E7953715D82D3 /* Resources */ = {
			isa = PBXResourcesBuildPhase;
			buildActionMask = 2147483647;
			files = (
				96B84DF5876AE3B8619608DC /* testComponentGalleryAccessibilitySnapshot.1.png in Resources */,
				E430105DEB14FA1DF5361AC3 /* testComponentGalleryCompactSnapshot.1.png in Resources */,
				B14C6807722BEDC7D8C14C8F /* testComponentGalleryStandardSnapshot.1.png in Resources */,
			);
			runOnlyForDeploymentPostprocessing = 0;
		};
		F736D546F85186001CD1B5FA /* Resources */ = {
			isa = PBXResourcesBuildPhase;
			buildActionMask = 2147483647;
			files = (
				C5595E55CDF1FE9BBA5220FF /* DMSans-Variable.ttf in Resources */,
				755DFAFADA641F8D3367431F /* Inter-Variable.ttf in Resources */,
				50A890D6205BB70A187E71B5 /* Outfit-Variable.ttf in Resources */,
				9BD4AB79B855F1F5D294BB66 /* PrivacyInfo.xcprivacy in Resources */,
			);
			runOnlyForDeploymentPostprocessing = 0;
		};
/* End PBXResourcesBuildPhase section */

/* Begin PBXSourcesBuildPhase section */
		08221640B580B5C5E648E048 /* Sources */ = {
			isa = PBXSourcesBuildPhase;
			buildActionMask = 2147483647;
			files = (
				308EA91C167DD40A31E8016E /* AnthropicClientTests.swift in Sources */,
			);
			runOnlyForDeploymentPostprocessing = 0;
		};
		17D43A46582678CB0D45CDE8 /* Sources */ = {
			isa = PBXSourcesBuildPhase;
			buildActionMask = 2147483647;
			files = (
				E03AB3DAD079A556D956AFA2 /* BrandFontTestSupport.swift in Sources */,
				4A0CAB4DC482140B2AC9D636 /* ComponentGalleryRenderTests.swift in Sources */,
				1BCB1DD82D1DF0599E229130 /* ComponentGallerySnapshotTests.swift in Sources */,
				CEA676DAAFF8793964D8A9A7 /* ThemeTests.swift in Sources */,
			);
			runOnlyForDeploymentPostprocessing = 0;
		};
		225874D05E6A91C717F37597 /* Sources */ = {
			isa = PBXSourcesBuildPhase;
			buildActionMask = 2147483647;
			files = (
				A7904882610726BE6544C61B /* FuelWellCriticalPathUITests.swift in Sources */,
			);
			runOnlyForDeploymentPostprocessing = 0;
		};
		2A1A07BB3B6AE2685ECE5339 /* Sources */ = {
			isa = PBXSourcesBuildPhase;
			buildActionMask = 2147483647;
			files = (
				46DCE2683117D957327FC93F /* AppFeatureTests.swift in Sources */,
			);
			runOnlyForDeploymentPostprocessing = 0;
		};
		355891F76FD271A44BD8A253 /* Sources */ = {
			isa = PBXSourcesBuildPhase;
			buildActionMask = 2147483647;
			files = (
				CABFC8C5FBF761742B3D36EF /* HealthKitClientTests.swift in Sources */,
			);
			runOnlyForDeploymentPostprocessing = 0;
		};
		3F841726B3C24F7AD89B4DB3 /* Sources */ = {
			isa = PBXSourcesBuildPhase;
			buildActionMask = 2147483647;
			files = (
				92F494003A3D9A020E442A07 /* PersistenceTests.swift in Sources */,
			);
			runOnlyForDeploymentPostprocessing = 0;
		};
		6599E418FB38925D5715A8BD /* Sources */ = {
			isa = PBXSourcesBuildPhase;
			buildActionMask = 2147483647;
			files = (
				0251BA598276B026C0C4CAD3 /* DailyLogFailureStateTests.swift in Sources */,
				0B3148D289DC979131D813F5 /* DailyLogFeatureTests.swift in Sources */,
			);
			runOnlyForDeploymentPostprocessing = 0;
		};
		983D46B6421048EC2325DE84 /* Sources */ = {
			isa = PBXSourcesBuildPhase;
			buildActionMask = 2147483647;
			files = (
				09C30113393314C20D401969 /* CoreTests.swift in Sources */,
			);
			runOnlyForDeploymentPostprocessing = 0;
		};
		A6E453FFB540D92BB7B12A91 /* Sources */ = {
			isa = PBXSourcesBuildPhase;
			buildActionMask = 2147483647;
			files = (
				7B86D3915E80AACDF6C86388 /* CrashReportingTests.swift in Sources */,
			);
			runOnlyForDeploymentPostprocessing = 0;
		};
		D4217AEFEF1932F6BD56EFFD /* Sources */ = {
			isa = PBXSourcesBuildPhase;
			buildActionMask = 2147483647;
			files = (
				6D2691325A97B2F4CE504116 /* AnalyticsTests.swift in Sources */,
			);
			runOnlyForDeploymentPostprocessing = 0;
		};
		D6753BCD727205A2BE71ACA5 /* Sources */ = {
			isa = PBXSourcesBuildPhase;
			buildActionMask = 2147483647;
			files = (
				8B214741ADCEF773C22621B8 /* SupabaseClientTests.swift in Sources */,
			);
			runOnlyForDeploymentPostprocessing = 0;
		};
		DC3F8FF2D47CC6CC8DB283EC /* Sources */ = {
			isa = PBXSourcesBuildPhase;
			buildActionMask = 2147483647;
			files = (
				FCBD0876C8D0895EFAD842C7 /* MacroDecisionEngineTests.swift in Sources */,
			);
			runOnlyForDeploymentPostprocessing = 0;
		};
		F28E320FBFF85119E8B0BEBB /* Sources */ = {
			isa = PBXSourcesBuildPhase;
			buildActionMask = 2147483647;
			files = (
				24FE11C46090BD2F0F3DE4E8 /* FuelWellApp.swift in Sources */,
			);
			runOnlyForDeploymentPostprocessing = 0;
		};
/* End PBXSourcesBuildPhase section */

/* Begin PBXTargetDependency section */
		EA176CDF0BFD40DAD2A85E7B /* PBXTargetDependency */ = {
			isa = PBXTargetDependency;
			target = C2CA1E955E162F8261AF65EE /* FuelWellApp */;
			targetProxy = 268136D1A02E0EF95608D609 /* PBXContainerItemProxy */;
		};
/* End PBXTargetDependency section */

/* Begin XCBuildConfiguration section */
		0088DA111CFC9D8E449951B3 /* Release */ = {
			isa = XCBuildConfiguration;
			buildSettings = {
				BUNDLE_LOADER = "$(TEST_HOST)";
				GENERATE_INFOPLIST_FILE = YES;
				IPHONEOS_DEPLOYMENT_TARGET = 17.0;
				LD_RUNPATH_SEARCH_PATHS = (
					"$(inherited)",
					"@executable_path/Frameworks",
					"@loader_path/Frameworks",
				);
				PRODUCT_BUNDLE_IDENTIFIER = com.fuelwell.PersistenceTests;
				SDKROOT = iphoneos;
				TARGETED_DEVICE_FAMILY = "1,2";
			};
			name = Release;
		};
		0C63A24CB7E95B925C3F6CDF /* Release */ = {
			isa = XCBuildConfiguration;
			buildSettings = {
				ASSETCATALOG_COMPILER_APPICON_NAME = AppIcon;
				CODE_SIGN_IDENTITY = "iPhone Developer";
				GENERATE_INFOPLIST_FILE = YES;
				INFOPLIST_KEY_NSCameraUsageDescription = "FuelWell uses the camera to log meal photos for nutrition tracking.";
				INFOPLIST_KEY_NSHealthShareUsageDescription = "FuelWell reads workouts, sleep, steps, energy, and body measurements to personalize coaching.";
				INFOPLIST_KEY_NSHealthUpdateUsageDescription = "FuelWell does not write Health data in this phase.";
				INFOPLIST_KEY_UIApplicationSceneManifest_Generation = YES;
				INFOPLIST_KEY_UIApplicationSupportsIndirectInputEvents = YES;
				INFOPLIST_KEY_UILaunchScreen_Generation = YES;
				IPHONEOS_DEPLOYMENT_TARGET = 17.0;
				LD_RUNPATH_SEARCH_PATHS = (
					"$(inherited)",
					"@executable_path/Frameworks",
				);
				PRODUCT_BUNDLE_IDENTIFIER = com.fuelwell.app;
				SDKROOT = iphoneos;
				TARGETED_DEVICE_FAMILY = "1,2";
			};
			name = Release;
		};
		0EA82FFDBB621C8A8F1CA549 /* Debug */ = {
			isa = XCBuildConfiguration;
			buildSettings = {
				BUNDLE_LOADER = "$(TEST_HOST)";
				GENERATE_INFOPLIST_FILE = YES;
				IPHONEOS_DEPLOYMENT_TARGET = 17.0;
				LD_RUNPATH_SEARCH_PATHS = (
					"$(inherited)",
					"@executable_path/Frameworks",
					"@loader_path/Frameworks",
				);
				PRODUCT_BUNDLE_IDENTIFIER = com.fuelwell.PersistenceTests;
				SDKROOT = iphoneos;
				TARGETED_DEVICE_FAMILY = "1,2";
			};
			name = Debug;
		};
		130DC5BBEBCB24421A7C65E4 /* Release */ = {
			isa = XCBuildConfiguration;
			buildSettings = {
				BUNDLE_LOADER = "$(TEST_HOST)";
				GENERATE_INFOPLIST_FILE = YES;
				IPHONEOS_DEPLOYMENT_TARGET = 17.0;
				LD_RUNPATH_SEARCH_PATHS = (
					"$(inherited)",
					"@executable_path/Frameworks",
					"@loader_path/Frameworks",
				);
				PRODUCT_BUNDLE_IDENTIFIER = com.fuelwell.FuelWellUITests;
				SDKROOT = iphoneos;
				TARGETED_DEVICE_FAMILY = "1,2";
				TEST_TARGET_NAME = FuelWellApp;
			};
			name = Release;
		};
		1DE75C6B60032AF54E02A4C6 /* Debug */ = {
			isa = XCBuildConfiguration;
			buildSettings = {
				BUNDLE_LOADER = "$(TEST_HOST)";
				GENERATE_INFOPLIST_FILE = YES;
				IPHONEOS_DEPLOYMENT_TARGET = 17.0;
				LD_RUNPATH_SEARCH_PATHS = (
					"$(inherited)",
					"@executable_path/Frameworks",
					"@loader_path/Frameworks",
				);
				PRODUCT_BUNDLE_IDENTIFIER = com.fuelwell.SupabaseClientTests;
				SDKROOT = iphoneos;
				TARGETED_DEVICE_FAMILY = "1,2";
			};
			name = Debug;
		};
		27DF74FC17085E8D2EB13138 /* Debug */ = {
			isa = XCBuildConfiguration;
			buildSettings = {
				BUNDLE_LOADER = "$(TEST_HOST)";
				GENERATE_INFOPLIST_FILE = YES;
				IPHONEOS_DEPLOYMENT_TARGET = 17.0;
				LD_RUNPATH_SEARCH_PATHS = (
					"$(inherited)",
					"@executable_path/Frameworks",
					"@loader_path/Frameworks",
				);
				PRODUCT_BUNDLE_IDENTIFIER = com.fuelwell.CrashReportingTests;
				SDKROOT = iphoneos;
				TARGETED_DEVICE_FAMILY = "1,2";
			};
			name = Debug;
		};
		2CDB91D75142F89C5777F8EA /* Release */ = {
			isa = XCBuildConfiguration;
			buildSettings = {
				ALWAYS_SEARCH_USER_PATHS = NO;
				CLANG_ANALYZER_NONNULL = YES;
				CLANG_ANALYZER_NUMBER_OBJECT_CONVERSION = YES_AGGRESSIVE;
				CLANG_CXX_LANGUAGE_STANDARD = "gnu++14";
				CLANG_CXX_LIBRARY = "libc++";
				CLANG_ENABLE_MODULES = YES;
				CLANG_ENABLE_OBJC_ARC = YES;
				CLANG_ENABLE_OBJC_WEAK = YES;
				CLANG_WARN_BLOCK_CAPTURE_AUTORELEASING = YES;
				CLANG_WARN_BOOL_CONVERSION = YES;
				CLANG_WARN_COMMA = YES;
				CLANG_WARN_CONSTANT_CONVERSION = YES;
				CLANG_WARN_DEPRECATED_OBJC_IMPLEMENTATIONS = YES;
				CLANG_WARN_DIRECT_OBJC_ISA_USAGE = YES_ERROR;
				CLANG_WARN_DOCUMENTATION_COMMENTS = YES;
				CLANG_WARN_EMPTY_BODY = YES;
				CLANG_WARN_ENUM_CONVERSION = YES;
				CLANG_WARN_INFINITE_RECURSION = YES;
				CLANG_WARN_INT_CONVERSION = YES;
				CLANG_WARN_NON_LITERAL_NULL_CONVERSION = YES;
				CLANG_WARN_OBJC_IMPLICIT_RETAIN_SELF = YES;
				CLANG_WARN_OBJC_LITERAL_CONVERSION = YES;
				CLANG_WARN_OBJC_ROOT_CLASS = YES_ERROR;
				CLANG_WARN_QUOTED_INCLUDE_IN_FRAMEWORK_HEADER = YES;
				CLANG_WARN_RANGE_LOOP_ANALYSIS = YES;
				CLANG_WARN_STRICT_PROTOTYPES = YES;
				CLANG_WARN_SUSPICIOUS_MOVE = YES;
				CLANG_WARN_UNGUARDED_AVAILABILITY = YES_AGGRESSIVE;
				CLANG_WARN_UNREACHABLE_CODE = YES;
				CLANG_WARN__DUPLICATE_METHOD_MATCH = YES;
				COPY_PHASE_STRIP = NO;
				DEBUG_INFORMATION_FORMAT = "dwarf-with-dsym";
				ENABLE_NS_ASSERTIONS = NO;
				ENABLE_STRICT_OBJC_MSGSEND = YES;
				GCC_C_LANGUAGE_STANDARD = gnu11;
				GCC_NO_COMMON_BLOCKS = YES;
				GCC_TREAT_WARNINGS_AS_ERRORS = YES;
				GCC_WARN_64_TO_32_BIT_CONVERSION = YES;
				GCC_WARN_ABOUT_RETURN_TYPE = YES_ERROR;
				GCC_WARN_UNDECLARED_SELECTOR = YES;
				GCC_WARN_UNINITIALIZED_AUTOS = YES_AGGRESSIVE;
				GCC_WARN_UNUSED_FUNCTION = YES;
				GCC_WARN_UNUSED_VARIABLE = YES;
				IPHONEOS_DEPLOYMENT_TARGET = 17.0;
				MTL_ENABLE_DEBUG_INFO = NO;
				MTL_FAST_MATH = YES;
				PRODUCT_NAME = "$(TARGET_NAME)";
				SDKROOT = iphoneos;
				SWIFT_COMPILATION_MODE = wholemodule;
				SWIFT_OPTIMIZATION_LEVEL = "-O";
				SWIFT_STRICT_CONCURRENCY = complete;
				SWIFT_TREAT_WARNINGS_AS_ERRORS = YES;
				SWIFT_VERSION = 6.0;
			};
			name = Release;
		};
		43A1739B8FC7A19FC6DAEDB3 /* Release */ = {
			isa = XCBuildConfiguration;
			buildSettings = {
				BUNDLE_LOADER = "$(TEST_HOST)";
				GENERATE_INFOPLIST_FILE = YES;
				IPHONEOS_DEPLOYMENT_TARGET = 17.0;
				LD_RUNPATH_SEARCH_PATHS = (
					"$(inherited)",
					"@executable_path/Frameworks",
					"@loader_path/Frameworks",
				);
				PRODUCT_BUNDLE_IDENTIFIER = com.fuelwell.CrashReportingTests;
				SDKROOT = iphoneos;
				TARGETED_DEVICE_FAMILY = "1,2";
			};
			name = Release;
		};
		43FBEB91744C27102B235029 /* Debug */ = {
			isa = XCBuildConfiguration;
			buildSettings = {
				BUNDLE_LOADER = "$(TEST_HOST)";
				GENERATE_INFOPLIST_FILE = YES;
				IPHONEOS_DEPLOYMENT_TARGET = 17.0;
				LD_RUNPATH_SEARCH_PATHS = (
					"$(inherited)",
					"@executable_path/Frameworks",
					"@loader_path/Frameworks",
				);
				PRODUCT_BUNDLE_IDENTIFIER = com.fuelwell.AppTests;
				SDKROOT = iphoneos;
				TARGETED_DEVICE_FAMILY = "1,2";
			};
			name = Debug;
		};
		4A521436B36A275CE04BA07D /* Release */ = {
			isa = XCBuildConfiguration;
			buildSettings = {
				BUNDLE_LOADER = "$(TEST_HOST)";
				GENERATE_INFOPLIST_FILE = YES;
				IPHONEOS_DEPLOYMENT_TARGET = 17.0;
				LD_RUNPATH_SEARCH_PATHS = (
					"$(inherited)",
					"@executable_path/Frameworks",
					"@loader_path/Frameworks",
				);
				PRODUCT_BUNDLE_IDENTIFIER = com.fuelwell.HealthKitClientTests;
				SDKROOT = iphoneos;
				TARGETED_DEVICE_FAMILY = "1,2";
			};
			name = Release;
		};
		4EA18F1D283022388D9FB243 /* Debug */ = {
			isa = XCBuildConfiguration;
			buildSettings = {
				BUNDLE_LOADER = "$(TEST_HOST)";
				GENERATE_INFOPLIST_FILE = YES;
				IPHONEOS_DEPLOYMENT_TARGET = 17.0;
				LD_RUNPATH_SEARCH_PATHS = (
					"$(inherited)",
					"@executable_path/Frameworks",
					"@loader_path/Frameworks",
				);
				PRODUCT_BUNDLE_IDENTIFIER = com.fuelwell.HealthKitClientTests;
				SDKROOT = iphoneos;
				TARGETED_DEVICE_FAMILY = "1,2";
			};
			name = Debug;
		};
		554AA3D947DD77A3EF719C8D /* Release */ = {
			isa = XCBuildConfiguration;
			buildSettings = {
				BUNDLE_LOADER = "$(TEST_HOST)";
				GENERATE_INFOPLIST_FILE = YES;
				IPHONEOS_DEPLOYMENT_TARGET = 17.0;
				LD_RUNPATH_SEARCH_PATHS = (
					"$(inherited)",
					"@executable_path/Frameworks",
					"@loader_path/Frameworks",
				);
				PRODUCT_BUNDLE_IDENTIFIER = com.fuelwell.AppTests;
				SDKROOT = iphoneos;
				TARGETED_DEVICE_FAMILY = "1,2";
			};
			name = Release;
		};
		5EF783363E3938CE13CE19A0 /* Debug */ = {
			isa = XCBuildConfiguration;
			buildSettings = {
				BUNDLE_LOADER = "$(TEST_HOST)";
				GENERATE_INFOPLIST_FILE = YES;
				IPHONEOS_DEPLOYMENT_TARGET = 17.0;
				LD_RUNPATH_SEARCH_PATHS = (
					"$(inherited)",
					"@executable_path/Frameworks",
					"@loader_path/Frameworks",
				);
				PRODUCT_BUNDLE_IDENTIFIER = com.fuelwell.DesignSystemTests;
				SDKROOT = iphoneos;
				TARGETED_DEVICE_FAMILY = "1,2";
			};
			name = Debug;
		};
		6400311ACF5B781B619E42AF /* Debug */ = {
			isa = XCBuildConfiguration;
			buildSettings = {
				BUNDLE_LOADER = "$(TEST_HOST)";
				GENERATE_INFOPLIST_FILE = YES;
				IPHONEOS_DEPLOYMENT_TARGET = 17.0;
				LD_RUNPATH_SEARCH_PATHS = (
					"$(inherited)",
					"@executable_path/Frameworks",
					"@loader_path/Frameworks",
				);
				PRODUCT_BUNDLE_IDENTIFIER = com.fuelwell.AnalyticsTests;
				SDKROOT = iphoneos;
				TARGETED_DEVICE_FAMILY = "1,2";
			};
			name = Debug;
		};
		6BEA88AFC3E8E24266F2692C /* Release */ = {
			isa = XCBuildConfiguration;
			buildSettings = {
				BUNDLE_LOADER = "$(TEST_HOST)";
				GENERATE_INFOPLIST_FILE = YES;
				IPHONEOS_DEPLOYMENT_TARGET = 17.0;
				LD_RUNPATH_SEARCH_PATHS = (
					"$(inherited)",
					"@executable_path/Frameworks",
					"@loader_path/Frameworks",
				);
				PRODUCT_BUNDLE_IDENTIFIER = com.fuelwell.SupabaseClientTests;
				SDKROOT = iphoneos;
				TARGETED_DEVICE_FAMILY = "1,2";
			};
			name = Release;
		};
		74A3477EC7A3B36ECEE7D3CA /* Debug */ = {
			isa = XCBuildConfiguration;
			buildSettings = {
				BUNDLE_LOADER = "$(TEST_HOST)";
				GENERATE_INFOPLIST_FILE = YES;
				IPHONEOS_DEPLOYMENT_TARGET = 17.0;
				LD_RUNPATH_SEARCH_PATHS = (
					"$(inherited)",
					"@executable_path/Frameworks",
					"@loader_path/Frameworks",
				);
				PRODUCT_BUNDLE_IDENTIFIER = com.fuelwell.AnthropicClientTests;
				SDKROOT = iphoneos;
				TARGETED_DEVICE_FAMILY = "1,2";
			};
			name = Debug;
		};
		86B5E43F21253C3E8219D7B1 /* Release */ = {
			isa = XCBuildConfiguration;
			buildSettings = {
				BUNDLE_LOADER = "$(TEST_HOST)";
				GENERATE_INFOPLIST_FILE = YES;
				IPHONEOS_DEPLOYMENT_TARGET = 17.0;
				LD_RUNPATH_SEARCH_PATHS = (
					"$(inherited)",
					"@executable_path/Frameworks",
					"@loader_path/Frameworks",
				);
				PRODUCT_BUNDLE_IDENTIFIER = com.fuelwell.DesignSystemTests;
				SDKROOT = iphoneos;
				TARGETED_DEVICE_FAMILY = "1,2";
			};
			name = Release;
		};
		93D68E25DB97F02442AAEB23 /* Debug */ = {
			isa = XCBuildConfiguration;
			buildSettings = {
				BUNDLE_LOADER = "$(TEST_HOST)";
				GENERATE_INFOPLIST_FILE = YES;
				IPHONEOS_DEPLOYMENT_TARGET = 17.0;
				LD_RUNPATH_SEARCH_PATHS = (
					"$(inherited)",
					"@executable_path/Frameworks",
					"@loader_path/Frameworks",
				);
				PRODUCT_BUNDLE_IDENTIFIER = com.fuelwell.FuelWellUITests;
				SDKROOT = iphoneos;
				TARGETED_DEVICE_FAMILY = "1,2";
				TEST_TARGET_NAME = FuelWellApp;
			};
			name = Debug;
		};
		94AD28CF0D870EE5DF633D88 /* Release */ = {
			isa = XCBuildConfiguration;
			buildSettings = {
				BUNDLE_LOADER = "$(TEST_HOST)";
				GENERATE_INFOPLIST_FILE = YES;
				IPHONEOS_DEPLOYMENT_TARGET = 17.0;
				LD_RUNPATH_SEARCH_PATHS = (
					"$(inherited)",
					"@executable_path/Frameworks",
					"@loader_path/Frameworks",
				);
				PRODUCT_BUNDLE_IDENTIFIER = com.fuelwell.CoreTests;
				SDKROOT = iphoneos;
				TARGETED_DEVICE_FAMILY = "1,2";
			};
			name = Release;
		};
		9AD63080CA3D1359D010AE39 /* Release */ = {
			isa = XCBuildConfiguration;
			buildSettings = {
				BUNDLE_LOADER = "$(TEST_HOST)";
				GENERATE_INFOPLIST_FILE = YES;
				IPHONEOS_DEPLOYMENT_TARGET = 17.0;
				LD_RUNPATH_SEARCH_PATHS = (
					"$(inherited)",
					"@executable_path/Frameworks",
					"@loader_path/Frameworks",
				);
				PRODUCT_BUNDLE_IDENTIFIER = com.fuelwell.NutritionFeatureTests;
				SDKROOT = iphoneos;
				TARGETED_DEVICE_FAMILY = "1,2";
			};
			name = Release;
		};
		A5BEC9E8364A2DD8160121BC /* Debug */ = {
			isa = XCBuildConfiguration;
			buildSettings = {
				ALWAYS_SEARCH_USER_PATHS = NO;
				CLANG_ANALYZER_NONNULL = YES;
				CLANG_ANALYZER_NUMBER_OBJECT_CONVERSION = YES_AGGRESSIVE;
				CLANG_CXX_LANGUAGE_STANDARD = "gnu++14";
				CLANG_CXX_LIBRARY = "libc++";
				CLANG_ENABLE_MODULES = YES;
				CLANG_ENABLE_OBJC_ARC = YES;
				CLANG_ENABLE_OBJC_WEAK = YES;
				CLANG_WARN_BLOCK_CAPTURE_AUTORELEASING = YES;
				CLANG_WARN_BOOL_CONVERSION = YES;
				CLANG_WARN_COMMA = YES;
				CLANG_WARN_CONSTANT_CONVERSION = YES;
				CLANG_WARN_DEPRECATED_OBJC_IMPLEMENTATIONS = YES;
				CLANG_WARN_DIRECT_OBJC_ISA_USAGE = YES_ERROR;
				CLANG_WARN_DOCUMENTATION_COMMENTS = YES;
				CLANG_WARN_EMPTY_BODY = YES;
				CLANG_WARN_ENUM_CONVERSION = YES;
				CLANG_WARN_INFINITE_RECURSION = YES;
				CLANG_WARN_INT_CONVERSION = YES;
				CLANG_WARN_NON_LITERAL_NULL_CONVERSION = YES;
				CLANG_WARN_OBJC_IMPLICIT_RETAIN_SELF = YES;
				CLANG_WARN_OBJC_LITERAL_CONVERSION = YES;
				CLANG_WARN_OBJC_ROOT_CLASS = YES_ERROR;
				CLANG_WARN_QUOTED_INCLUDE_IN_FRAMEWORK_HEADER = YES;
				CLANG_WARN_RANGE_LOOP_ANALYSIS = YES;
				CLANG_WARN_STRICT_PROTOTYPES = YES;
				CLANG_WARN_SUSPICIOUS_MOVE = YES;
				CLANG_WARN_UNGUARDED_AVAILABILITY = YES_AGGRESSIVE;
				CLANG_WARN_UNREACHABLE_CODE = YES;
				CLANG_WARN__DUPLICATE_METHOD_MATCH = YES;
				COPY_PHASE_STRIP = NO;
				DEBUG_INFORMATION_FORMAT = dwarf;
				ENABLE_STRICT_OBJC_MSGSEND = YES;
				ENABLE_TESTABILITY = YES;
				GCC_C_LANGUAGE_STANDARD = gnu11;
				GCC_DYNAMIC_NO_PIC = NO;
				GCC_NO_COMMON_BLOCKS = YES;
				GCC_OPTIMIZATION_LEVEL = 0;
				GCC_PREPROCESSOR_DEFINITIONS = (
					"$(inherited)",
					"DEBUG=1",
				);
				GCC_TREAT_WARNINGS_AS_ERRORS = YES;
				GCC_WARN_64_TO_32_BIT_CONVERSION = YES;
				GCC_WARN_ABOUT_RETURN_TYPE = YES_ERROR;
				GCC_WARN_UNDECLARED_SELECTOR = YES;
				GCC_WARN_UNINITIALIZED_AUTOS = YES_AGGRESSIVE;
				GCC_WARN_UNUSED_FUNCTION = YES;
				GCC_WARN_UNUSED_VARIABLE = YES;
				IPHONEOS_DEPLOYMENT_TARGET = 17.0;
				MTL_ENABLE_DEBUG_INFO = INCLUDE_SOURCE;
				MTL_FAST_MATH = YES;
				ONLY_ACTIVE_ARCH = YES;
				PRODUCT_NAME = "$(TARGET_NAME)";
				SDKROOT = iphoneos;
				SWIFT_ACTIVE_COMPILATION_CONDITIONS = DEBUG;
				SWIFT_OPTIMIZATION_LEVEL = "-Onone";
				SWIFT_STRICT_CONCURRENCY = complete;
				SWIFT_TREAT_WARNINGS_AS_ERRORS = YES;
				SWIFT_VERSION = 6.0;
			};
			name = Debug;
		};
		AAAE04828DC620205A2DC927 /* Debug */ = {
			isa = XCBuildConfiguration;
			buildSettings = {
				BUNDLE_LOADER = "$(TEST_HOST)";
				GENERATE_INFOPLIST_FILE = YES;
				IPHONEOS_DEPLOYMENT_TARGET = 17.0;
				LD_RUNPATH_SEARCH_PATHS = (
					"$(inherited)",
					"@executable_path/Frameworks",
					"@loader_path/Frameworks",
				);
				PRODUCT_BUNDLE_IDENTIFIER = com.fuelwell.CoreTests;
				SDKROOT = iphoneos;
				TARGETED_DEVICE_FAMILY = "1,2";
			};
			name = Debug;
		};
		AC3C2A2E87E842B7D9EB2733 /* Debug */ = {
			isa = XCBuildConfiguration;
			buildSettings = {
				BUNDLE_LOADER = "$(TEST_HOST)";
				GENERATE_INFOPLIST_FILE = YES;
				IPHONEOS_DEPLOYMENT_TARGET = 17.0;
				LD_RUNPATH_SEARCH_PATHS = (
					"$(inherited)",
					"@executable_path/Frameworks",
					"@loader_path/Frameworks",
				);
				PRODUCT_BUNDLE_IDENTIFIER = com.fuelwell.NutritionFeatureTests;
				SDKROOT = iphoneos;
				TARGETED_DEVICE_FAMILY = "1,2";
			};
			name = Debug;
		};
		B9EEE1D773BE73FCD806371B /* Debug */ = {
			isa = XCBuildConfiguration;
			buildSettings = {
				ASSETCATALOG_COMPILER_APPICON_NAME = AppIcon;
				CODE_SIGN_IDENTITY = "iPhone Developer";
				GENERATE_INFOPLIST_FILE = YES;
				INFOPLIST_KEY_NSCameraUsageDescription = "FuelWell uses the camera to log meal photos for nutrition tracking.";
				INFOPLIST_KEY_NSHealthShareUsageDescription = "FuelWell reads workouts, sleep, steps, energy, and body measurements to personalize coaching.";
				INFOPLIST_KEY_NSHealthUpdateUsageDescription = "FuelWell does not write Health data in this phase.";
				INFOPLIST_KEY_UIApplicationSceneManifest_Generation = YES;
				INFOPLIST_KEY_UIApplicationSupportsIndirectInputEvents = YES;
				INFOPLIST_KEY_UILaunchScreen_Generation = YES;
				IPHONEOS_DEPLOYMENT_TARGET = 17.0;
				LD_RUNPATH_SEARCH_PATHS = (
					"$(inherited)",
					"@executable_path/Frameworks",
				);
				PRODUCT_BUNDLE_IDENTIFIER = com.fuelwell.app;
				SDKROOT = iphoneos;
				TARGETED_DEVICE_FAMILY = "1,2";
			};
			name = Debug;
		};
		BBF40A51D319CD9F7AA7C2AF /* Release */ = {
			isa = XCBuildConfiguration;
			buildSettings = {
				BUNDLE_LOADER = "$(TEST_HOST)";
				GENERATE_INFOPLIST_FILE = YES;
				IPHONEOS_DEPLOYMENT_TARGET = 17.0;
				LD_RUNPATH_SEARCH_PATHS = (
					"$(inherited)",
					"@executable_path/Frameworks",
					"@loader_path/Frameworks",
				);
				PRODUCT_BUNDLE_IDENTIFIER = com.fuelwell.AnalyticsTests;
				SDKROOT = iphoneos;
				TARGETED_DEVICE_FAMILY = "1,2";
			};
			name = Release;
		};
		BE1688538E79C90C065ED035 /* Release */ = {
			isa = XCBuildConfiguration;
			buildSettings = {
				BUNDLE_LOADER = "$(TEST_HOST)";
				GENERATE_INFOPLIST_FILE = YES;
				IPHONEOS_DEPLOYMENT_TARGET = 17.0;
				LD_RUNPATH_SEARCH_PATHS = (
					"$(inherited)",
					"@executable_path/Frameworks",
					"@loader_path/Frameworks",
				);
				PRODUCT_BUNDLE_IDENTIFIER = com.fuelwell.AnthropicClientTests;
				SDKROOT = iphoneos;
				TARGETED_DEVICE_FAMILY = "1,2";
			};
			name = Release;
		};
		BFE2CF57342F6CCD43753062 /* Release */ = {
			isa = XCBuildConfiguration;
			buildSettings = {
				BUNDLE_LOADER = "$(TEST_HOST)";
				GENERATE_INFOPLIST_FILE = YES;
				IPHONEOS_DEPLOYMENT_TARGET = 17.0;
				LD_RUNPATH_SEARCH_PATHS = (
					"$(inherited)",
					"@executable_path/Frameworks",
					"@loader_path/Frameworks",
				);
				PRODUCT_BUNDLE_IDENTIFIER = com.fuelwell.NutritionDomainTests;
				SDKROOT = iphoneos;
				TARGETED_DEVICE_FAMILY = "1,2";
			};
			name = Release;
		};
		C33610F0516C60153F6067D9 /* Debug */ = {
			isa = XCBuildConfiguration;
			buildSettings = {
				BUNDLE_LOADER = "$(TEST_HOST)";
				GENERATE_INFOPLIST_FILE = YES;
				IPHONEOS_DEPLOYMENT_TARGET = 17.0;
				LD_RUNPATH_SEARCH_PATHS = (
					"$(inherited)",
					"@executable_path/Frameworks",
					"@loader_path/Frameworks",
				);
				PRODUCT_BUNDLE_IDENTIFIER = com.fuelwell.NutritionDomainTests;
				SDKROOT = iphoneos;
				TARGETED_DEVICE_FAMILY = "1,2";
			};
			name = Debug;
		};
/* End XCBuildConfiguration section */

/* Begin XCConfigurationList section */
		0066C506612C18BE6DE6E1E6 /* Build configuration list for PBXNativeTarget "SupabaseClientTests" */ = {
			isa = XCConfigurationList;
			buildConfigurations = (
				1DE75C6B60032AF54E02A4C6 /* Debug */,
				6BEA88AFC3E8E24266F2692C /* Release */,
			);
			defaultConfigurationIsVisible = 0;
			defaultConfigurationName = Debug;
		};
		3283B1FC04AE8A13D52792BE /* Build configuration list for PBXNativeTarget "AnalyticsTests" */ = {
			isa = XCConfigurationList;
			buildConfigurations = (
				6400311ACF5B781B619E42AF /* Debug */,
				BBF40A51D319CD9F7AA7C2AF /* Release */,
			);
			defaultConfigurationIsVisible = 0;
			defaultConfigurationName = Debug;
		};
		3682DB32E1E5BEC40DE42B85 /* Build configuration list for PBXNativeTarget "HealthKitClientTests" */ = {
			isa = XCConfigurationList;
			buildConfigurations = (
				4EA18F1D283022388D9FB243 /* Debug */,
				4A521436B36A275CE04BA07D /* Release */,
			);
			defaultConfigurationIsVisible = 0;
			defaultConfigurationName = Debug;
		};
		50A0AEAD8B99E26B2934D4F8 /* Build configuration list for PBXNativeTarget "AnthropicClientTests" */ = {
			isa = XCConfigurationList;
			buildConfigurations = (
				74A3477EC7A3B36ECEE7D3CA /* Debug */,
				BE1688538E79C90C065ED035 /* Release */,
			);
			defaultConfigurationIsVisible = 0;
			defaultConfigurationName = Debug;
		};
		5F7FF2E2C3646756306D22D4 /* Build configuration list for PBXNativeTarget "NutritionFeatureTests" */ = {
			isa = XCConfigurationList;
			buildConfigurations = (
				AC3C2A2E87E842B7D9EB2733 /* Debug */,
				9AD63080CA3D1359D010AE39 /* Release */,
			);
			defaultConfigurationIsVisible = 0;
			defaultConfigurationName = Debug;
		};
		82958399E8594F6166BE7A49 /* Build configuration list for PBXNativeTarget "NutritionDomainTests" */ = {
			isa = XCConfigurationList;
			buildConfigurations = (
				C33610F0516C60153F6067D9 /* Debug */,
				BFE2CF57342F6CCD43753062 /* Release */,
			);
			defaultConfigurationIsVisible = 0;
			defaultConfigurationName = Debug;
		};
		84868660B47CC675F0F68A72 /* Build configuration list for PBXNativeTarget "CoreTests" */ = {
			isa = XCConfigurationList;
			buildConfigurations = (
				AAAE04828DC620205A2DC927 /* Debug */,
				94AD28CF0D870EE5DF633D88 /* Release */,
			);
			defaultConfigurationIsVisible = 0;
			defaultConfigurationName = Debug;
		};
		87DCD4D82E4255757563D201 /* Build configuration list for PBXNativeTarget "DesignSystemTests" */ = {
			isa = XCConfigurationList;
			buildConfigurations = (
				5EF783363E3938CE13CE19A0 /* Debug */,
				86B5E43F21253C3E8219D7B1 /* Release */,
			);
			defaultConfigurationIsVisible = 0;
			defaultConfigurationName = Debug;
		};
		8E81FCF2A71CD70F8698D1DC /* Build configuration list for PBXNativeTarget "FuelWellApp" */ = {
			isa = XCConfigurationList;
			buildConfigurations = (
				B9EEE1D773BE73FCD806371B /* Debug */,
				0C63A24CB7E95B925C3F6CDF /* Release */,
			);
			defaultConfigurationIsVisible = 0;
			defaultConfigurationName = Debug;
		};
		B3BCC7F77D0F139DC6E7E172 /* Build configuration list for PBXNativeTarget "PersistenceTests" */ = {
			isa = XCConfigurationList;
			buildConfigurations = (
				0EA82FFDBB621C8A8F1CA549 /* Debug */,
				0088DA111CFC9D8E449951B3 /* Release */,
			);
			defaultConfigurationIsVisible = 0;
			defaultConfigurationName = Debug;
		};
		D5730280C81149AA11794C4A /* Build configuration list for PBXProject "FuelWellApp" */ = {
			isa = XCConfigurationList;
			buildConfigurations = (
				A5BEC9E8364A2DD8160121BC /* Debug */,
				2CDB91D75142F89C5777F8EA /* Release */,
			);
			defaultConfigurationIsVisible = 0;
			defaultConfigurationName = Debug;
		};
		EE122E026AAC49F93BF20497 /* Build configuration list for PBXNativeTarget "FuelWellUITests" */ = {
			isa = XCConfigurationList;
			buildConfigurations = (
				93D68E25DB97F02442AAEB23 /* Debug */,
				130DC5BBEBCB24421A7C65E4 /* Release */,
			);
			defaultConfigurationIsVisible = 0;
			defaultConfigurationName = Debug;
		};
		F14D109BD16C4356B335E1A0 /* Build configuration list for PBXNativeTarget "CrashReportingTests" */ = {
			isa = XCConfigurationList;
			buildConfigurations = (
				27DF74FC17085E8D2EB13138 /* Debug */,
				43A1739B8FC7A19FC6DAEDB3 /* Release */,
			);
			defaultConfigurationIsVisible = 0;
			defaultConfigurationName = Debug;
		};
		F2FD6A5373636A01752F4A02 /* Build configuration list for PBXNativeTarget "AppTests" */ = {
			isa = XCConfigurationList;
			buildConfigurations = (
				43FBEB91744C27102B235029 /* Debug */,
				554AA3D947DD77A3EF719C8D /* Release */,
			);
			defaultConfigurationIsVisible = 0;
			defaultConfigurationName = Debug;
		};
/* End XCConfigurationList section */

/* Begin XCLocalSwiftPackageReference section */
		006588EB2BA1F07104BFA099 /* XCLocalSwiftPackageReference "Packages/CrashReporting" */ = {
			isa = XCLocalSwiftPackageReference;
			relativePath = Packages/CrashReporting;
		};
		069122B95B2B2D4D9841AD7A /* XCLocalSwiftPackageReference "Packages/Analytics" */ = {
			isa = XCLocalSwiftPackageReference;
			relativePath = Packages/Analytics;
		};
		262A3E2C14A35915F962359B /* XCLocalSwiftPackageReference "Packages/Persistence" */ = {
			isa = XCLocalSwiftPackageReference;
			relativePath = Packages/Persistence;
		};
		3BC61DC11822108B2AA816CE /* XCLocalSwiftPackageReference "Packages/NutritionDomain" */ = {
			isa = XCLocalSwiftPackageReference;
			relativePath = Packages/NutritionDomain;
		};
		6B9AA57CE984994EDE606450 /* XCLocalSwiftPackageReference "Packages/DesignSystem" */ = {
			isa = XCLocalSwiftPackageReference;
			relativePath = Packages/DesignSystem;
		};
		6C4CDCEB2517CF9553863029 /* XCLocalSwiftPackageReference "Packages/Networking" */ = {
			isa = XCLocalSwiftPackageReference;
			relativePath = Packages/Networking;
		};
		ACE30396F7A5608CAD17BF1C /* XCLocalSwiftPackageReference "Packages/SupabaseClient" */ = {
			isa = XCLocalSwiftPackageReference;
			relativePath = Packages/SupabaseClient;
		};
		B3F0EFDB5AF59C69402F2259 /* XCLocalSwiftPackageReference "Features/App" */ = {
			isa = XCLocalSwiftPackageReference;
			relativePath = Features/App;
		};
		CDAA9B45CDB22CA36755AB9D /* XCLocalSwiftPackageReference "Features/Nutrition" */ = {
			isa = XCLocalSwiftPackageReference;
			relativePath = Features/Nutrition;
		};
		D3B088CF713C2D038C96E5C6 /* XCLocalSwiftPackageReference "Packages/AnthropicClient" */ = {
			isa = XCLocalSwiftPackageReference;
			relativePath = Packages/AnthropicClient;
		};
		E70C7A614417DFF1AC4D2866 /* XCLocalSwiftPackageReference "Packages/HealthKitClient" */ = {
			isa = XCLocalSwiftPackageReference;
			relativePath = Packages/HealthKitClient;
		};
		F476E6E8BBB4B9B4C316D18D /* XCLocalSwiftPackageReference "Packages/Core" */ = {
			isa = XCLocalSwiftPackageReference;
			relativePath = Packages/Core;
		};
/* End XCLocalSwiftPackageReference section */

/* Begin XCRemoteSwiftPackageReference section */
		AF9EFD352A5A98678C942C22 /* XCRemoteSwiftPackageReference "swift-snapshot-testing" */ = {
			isa = XCRemoteSwiftPackageReference;
			repositoryURL = "https://github.com/pointfreeco/swift-snapshot-testing";
			requirement = {
				kind = upToNextMajorVersion;
				minimumVersion = 1.18.0;
			};
		};
/* End XCRemoteSwiftPackageReference section */

/* Begin XCSwiftPackageProductDependency section */
		02A468A0B528BC794A35A371 /* AnthropicClient */ = {
			isa = XCSwiftPackageProductDependency;
			productName = AnthropicClient;
		};
		0AE45C2A0E182ACE99B2A8CB /* Persistence */ = {
			isa = XCSwiftPackageProductDependency;
			productName = Persistence;
		};
		159612099978ADB2428B15D4 /* App */ = {
			isa = XCSwiftPackageProductDependency;
			productName = App;
		};
		2EF8408FBB5A9D5CE9404D7B /* HealthKitClient */ = {
			isa = XCSwiftPackageProductDependency;
			productName = HealthKitClient;
		};
		35F9875A95C99DBD77AE5434 /* SupabaseClient */ = {
			isa = XCSwiftPackageProductDependency;
			productName = SupabaseClient;
		};
		370FE810A7736B66746FACA9 /* DesignSystem */ = {
			isa = XCSwiftPackageProductDependency;
			productName = DesignSystem;
		};
		43851B7DC17A7E4975E5DF8B /* SupabaseClient */ = {
			isa = XCSwiftPackageProductDependency;
			productName = SupabaseClient;
		};
		4D23E8317116A890B8DAA8FE /* DesignSystem */ = {
			isa = XCSwiftPackageProductDependency;
			productName = DesignSystem;
		};
		5275277C2654D6AE1D8F8C09 /* HealthKitClient */ = {
			isa = XCSwiftPackageProductDependency;
			productName = HealthKitClient;
		};
		58C84448500BAD0F7B2D201B /* Core */ = {
			isa = XCSwiftPackageProductDependency;
			productName = Core;
		};
		67D490D2785A18B1328EA388 /* Analytics */ = {
			isa = XCSwiftPackageProductDependency;
			productName = Analytics;
		};
		67FC99E3A4D52CF6EF835CAD /* CrashReporting */ = {
			isa = XCSwiftPackageProductDependency;
			productName = CrashReporting;
		};
		6C80E5D8F27C5735F8B5C3E1 /* Analytics */ = {
			isa = XCSwiftPackageProductDependency;
			productName = Analytics;
		};
		7FCB14C374EBEB5269EE3526 /* Nutrition */ = {
			isa = XCSwiftPackageProductDependency;
			productName = Nutrition;
		};
		84199B457E3A5BCD30A3807A /* NutritionDomain */ = {
			isa = XCSwiftPackageProductDependency;
			productName = NutritionDomain;
		};
		8F5A6C3564FBD439EF0FBC20 /* CrashReporting */ = {
			isa = XCSwiftPackageProductDependency;
			productName = CrashReporting;
		};
		9A7A416ADA5337C051A9CA92 /* Analytics */ = {
			isa = XCSwiftPackageProductDependency;
			productName = Analytics;
		};
		A4A62AF2AE14D6A785815F5F /* NutritionDomain */ = {
			isa = XCSwiftPackageProductDependency;
			productName = NutritionDomain;
		};
		ACE1B26EE237383A20C8998A /* CrashReporting */ = {
			isa = XCSwiftPackageProductDependency;
			productName = CrashReporting;
		};
		B5B5543DED540909B09D1EDC /* Core */ = {
			isa = XCSwiftPackageProductDependency;
			productName = Core;
		};
		C8C0CC9A8E4CE014A35C4BD5 /* SupabaseClient */ = {
			isa = XCSwiftPackageProductDependency;
			productName = SupabaseClient;
		};
		C9717509AAA91CD741114D46 /* App */ = {
			isa = XCSwiftPackageProductDependency;
			productName = App;
		};
		D7977175BB469F04F6B14D50 /* AnthropicClient */ = {
			isa = XCSwiftPackageProductDependency;
			productName = AnthropicClient;
		};
		DAEC0CC3DEAD8E3FBAEAFE29 /* SnapshotTesting */ = {
			isa = XCSwiftPackageProductDependency;
			package = AF9EFD352A5A98678C942C22 /* XCRemoteSwiftPackageReference "swift-snapshot-testing" */;
			productName = SnapshotTesting;
		};
		DF3D5011F498564731103745 /* NutritionDomain */ = {
			isa = XCSwiftPackageProductDependency;
			productName = NutritionDomain;
		};
		E0BB0FF27D90D4F853C2E30A /* Nutrition */ = {
			isa = XCSwiftPackageProductDependency;
			productName = Nutrition;
		};
		EBFC0B46EB6060D743FD35F0 /* HealthKitClient */ = {
			isa = XCSwiftPackageProductDependency;
			productName = HealthKitClient;
		};
		FF0357DB14B82BEF78F23A72 /* AnthropicClient */ = {
			isa = XCSwiftPackageProductDependency;
			productName = AnthropicClient;
		};
/* End XCSwiftPackageProductDependency section */
	};
	rootObject = 2A9726E314373D145CDE4934 /* Project object */;
}
