// !$*UTF8*$!
{
	archiveVersion = 1;
	classes = {
	};
	objectVersion = 77;
	objects = {

/* Begin PBXBuildFile section */
		24FE11C46090BD2F0F3DE4E8 /* FuelWellApp.swift in Sources */ = {isa = PBXBuildFile; fileRef = 6CA9C6656CAB7C1C83089C72 /* FuelWellApp.swift */; };
		46DCE2683117D957327FC93F /* AppFeatureTests.swift in Sources */ = {isa = PBXBuildFile; fileRef = 47ED229A15FF76E83E8AE703 /* AppFeatureTests.swift */; };
		5932B1786E235844770D782E /* DesignSystem in Frameworks */ = {isa = PBXBuildFile; productRef = 370FE810A7736B66746FACA9 /* DesignSystem */; };
		5F5DB4958C9C634B24FB37B3 /* DesignSystem in Frameworks */ = {isa = PBXBuildFile; productRef = 4D23E8317116A890B8DAA8FE /* DesignSystem */; };
		828AA6FB777F1CDC03805A2C /* App in Frameworks */ = {isa = PBXBuildFile; productRef = 159612099978ADB2428B15D4 /* App */; };
		9EBB2892A49EEFAA57D0998E /* App in Frameworks */ = {isa = PBXBuildFile; productRef = C9717509AAA91CD741114D46 /* App */; };
		CEA676DAAFF8793964D8A9A7 /* ThemeTests.swift in Sources */ = {isa = PBXBuildFile; fileRef = 4B121203B5A518889F220416 /* ThemeTests.swift */; };
/* End PBXBuildFile section */

/* Begin PBXFileReference section */
		47ED229A15FF76E83E8AE703 /* AppFeatureTests.swift */ = {isa = PBXFileReference; lastKnownFileType = sourcecode.swift; path = AppFeatureTests.swift; sourceTree = "<group>"; };
		4B121203B5A518889F220416 /* ThemeTests.swift */ = {isa = PBXFileReference; lastKnownFileType = sourcecode.swift; path = ThemeTests.swift; sourceTree = "<group>"; };
		4B2F705E019039E659FDB75D /* AppTests.xctest */ = {isa = PBXFileReference; includeInIndex = 0; lastKnownFileType = wrapper.cfbundle; path = AppTests.xctest; sourceTree = BUILT_PRODUCTS_DIR; };
		4D71BBF4FC1AD348C933CFC2 /* DesignSystemTests.xctest */ = {isa = PBXFileReference; includeInIndex = 0; lastKnownFileType = wrapper.cfbundle; path = DesignSystemTests.xctest; sourceTree = BUILT_PRODUCTS_DIR; };
		6CA9C6656CAB7C1C83089C72 /* FuelWellApp.swift */ = {isa = PBXFileReference; lastKnownFileType = sourcecode.swift; path = FuelWellApp.swift; sourceTree = "<group>"; };
		861900CE59C0B45EB267EE5E /* App */ = {isa = PBXFileReference; lastKnownFileType = folder; name = App; path = Features/App; sourceTree = SOURCE_ROOT; };
		B9CEB224194E971DDEBD9AA0 /* Persistence */ = {isa = PBXFileReference; lastKnownFileType = folder; name = Persistence; path = Packages/Persistence; sourceTree = SOURCE_ROOT; };
		C80BB3055E9CA31719A9FE33 /* FuelWellApp.app */ = {isa = PBXFileReference; includeInIndex = 0; lastKnownFileType = wrapper.application; path = FuelWellApp.app; sourceTree = BUILT_PRODUCTS_DIR; };
		D7621B9AA750FF5C21B4E26A /* Networking */ = {isa = PBXFileReference; lastKnownFileType = folder; name = Networking; path = Packages/Networking; sourceTree = SOURCE_ROOT; };
		DE805F56F775B95F520692DA /* DesignSystem */ = {isa = PBXFileReference; lastKnownFileType = folder; name = DesignSystem; path = Packages/DesignSystem; sourceTree = SOURCE_ROOT; };
		FA93EEDE5E862918DEBEE5AF /* Core */ = {isa = PBXFileReference; lastKnownFileType = folder; name = Core; path = Packages/Core; sourceTree = SOURCE_ROOT; };
/* End PBXFileReference section */

/* Begin PBXFrameworksBuildPhase section */
		032613A7574CD336B968050B /* Frameworks */ = {
			isa = PBXFrameworksBuildPhase;
			buildActionMask = 2147483647;
			files = (
				5F5DB4958C9C634B24FB37B3 /* DesignSystem in Frameworks */,
			);
			runOnlyForDeploymentPostprocessing = 0;
		};
		0799C73DC60026696F9431AA /* Frameworks */ = {
			isa = PBXFrameworksBuildPhase;
			buildActionMask = 2147483647;
			files = (
				828AA6FB777F1CDC03805A2C /* App in Frameworks */,
				5932B1786E235844770D782E /* DesignSystem in Frameworks */,
			);
			runOnlyForDeploymentPostprocessing = 0;
		};
		FA66BF656939346D755D4747 /* Frameworks */ = {
			isa = PBXFrameworksBuildPhase;
			buildActionMask = 2147483647;
			files = (
				9EBB2892A49EEFAA57D0998E /* App in Frameworks */,
			);
			runOnlyForDeploymentPostprocessing = 0;
		};
/* End PBXFrameworksBuildPhase section */

/* Begin PBXGroup section */
		0E2E5E54DD7DFEC1C466512A /* DesignSystemTests */ = {
			isa = PBXGroup;
			children = (
				4B121203B5A518889F220416 /* ThemeTests.swift */,
			);
			name = DesignSystemTests;
			path = Packages/DesignSystem/Tests/DesignSystemTests;
			sourceTree = "<group>";
		};
		4969F225C8640DB5294F6ED5 /* Sources */ = {
			isa = PBXGroup;
			children = (
				6CA9C6656CAB7C1C83089C72 /* FuelWellApp.swift */,
			);
			name = Sources;
			path = FuelWellApp/Sources;
			sourceTree = "<group>";
		};
		79BFA6DD02BD86816C7E076B /* AppTests */ = {
			isa = PBXGroup;
			children = (
				47ED229A15FF76E83E8AE703 /* AppFeatureTests.swift */,
			);
			name = AppTests;
			path = Features/App/Tests/AppTests;
			sourceTree = "<group>";
		};
		7D7F7C0172E0B3D15E76EEC0 /* Products */ = {
			isa = PBXGroup;
			children = (
				4B2F705E019039E659FDB75D /* AppTests.xctest */,
				4D71BBF4FC1AD348C933CFC2 /* DesignSystemTests.xctest */,
				C80BB3055E9CA31719A9FE33 /* FuelWellApp.app */,
			);
			name = Products;
			sourceTree = "<group>";
		};
		AF02B3B8DDEAEA8573D781F9 = {
			isa = PBXGroup;
			children = (
				79BFA6DD02BD86816C7E076B /* AppTests */,
				0E2E5E54DD7DFEC1C466512A /* DesignSystemTests */,
				F0AE411B2E556D7B6A0B4499 /* Packages */,
				4969F225C8640DB5294F6ED5 /* Sources */,
				7D7F7C0172E0B3D15E76EEC0 /* Products */,
			);
			sourceTree = "<group>";
		};
		F0AE411B2E556D7B6A0B4499 /* Packages */ = {
			isa = PBXGroup;
			children = (
				861900CE59C0B45EB267EE5E /* App */,
				FA93EEDE5E862918DEBEE5AF /* Core */,
				DE805F56F775B95F520692DA /* DesignSystem */,
				D7621B9AA750FF5C21B4E26A /* Networking */,
				B9CEB224194E971DDEBD9AA0 /* Persistence */,
			);
			path = Packages;
			sourceTree = "<group>";
		};
/* End PBXGroup section */

/* Begin PBXNativeTarget section */
		5D8FBFD9FDC520E7735CF092 /* DesignSystemTests */ = {
			isa = PBXNativeTarget;
			buildConfigurationList = 87DCD4D82E4255757563D201 /* Build configuration list for PBXNativeTarget "DesignSystemTests" */;
			buildPhases = (
				17D43A46582678CB0D45CDE8 /* Sources */,
				032613A7574CD336B968050B /* Frameworks */,
			);
			buildRules = (
			);
			dependencies = (
			);
			name = DesignSystemTests;
			packageProductDependencies = (
				4D23E8317116A890B8DAA8FE /* DesignSystem */,
			);
			productName = DesignSystemTests;
			productReference = 4D71BBF4FC1AD348C933CFC2 /* DesignSystemTests.xctest */;
			productType = "com.apple.product-type.bundle.unit-test";
		};
		6F9A91BB3BA886B9C74CD8C2 /* AppTests */ = {
			isa = PBXNativeTarget;
			buildConfigurationList = F2FD6A5373636A01752F4A02 /* Build configuration list for PBXNativeTarget "AppTests" */;
			buildPhases = (
				2A1A07BB3B6AE2685ECE5339 /* Sources */,
				FA66BF656939346D755D4747 /* Frameworks */,
			);
			buildRules = (
			);
			dependencies = (
			);
			name = AppTests;
			packageProductDependencies = (
				C9717509AAA91CD741114D46 /* App */,
			);
			productName = AppTests;
			productReference = 4B2F705E019039E659FDB75D /* AppTests.xctest */;
			productType = "com.apple.product-type.bundle.unit-test";
		};
		C2CA1E955E162F8261AF65EE /* FuelWellApp */ = {
			isa = PBXNativeTarget;
			buildConfigurationList = 8E81FCF2A71CD70F8698D1DC /* Build configuration list for PBXNativeTarget "FuelWellApp" */;
			buildPhases = (
				F28E320FBFF85119E8B0BEBB /* Sources */,
				0799C73DC60026696F9431AA /* Frameworks */,
			);
			buildRules = (
			);
			dependencies = (
			);
			name = FuelWellApp;
			packageProductDependencies = (
				159612099978ADB2428B15D4 /* App */,
				370FE810A7736B66746FACA9 /* DesignSystem */,
			);
			productName = FuelWellApp;
			productReference = C80BB3055E9CA31719A9FE33 /* FuelWellApp.app */;
			productType = "com.apple.product-type.application";
		};
/* End PBXNativeTarget section */

/* Begin PBXProject section */
		2A9726E314373D145CDE4934 /* Project object */ = {
			isa = PBXProject;
			attributes = {
				BuildIndependentTargetsInParallel = YES;
				LastUpgradeCheck = 2600;
				TargetAttributes = {
				};
			};
			buildConfigurationList = D5730280C81149AA11794C4A /* Build configuration list for PBXProject "FuelWellApp" */;
			developmentRegion = en;
			hasScannedForEncodings = 0;
			knownRegions = (
				Base,
				en,
			);
			mainGroup = AF02B3B8DDEAEA8573D781F9;
			minimizedProjectReferenceProxies = 1;
			packageReferences = (
				B3F0EFDB5AF59C69402F2259 /* XCLocalSwiftPackageReference "Features/App" */,
				F476E6E8BBB4B9B4C316D18D /* XCLocalSwiftPackageReference "Packages/Core" */,
				6B9AA57CE984994EDE606450 /* XCLocalSwiftPackageReference "Packages/DesignSystem" */,
				6C4CDCEB2517CF9553863029 /* XCLocalSwiftPackageReference "Packages/Networking" */,
				262A3E2C14A35915F962359B /* XCLocalSwiftPackageReference "Packages/Persistence" */,
			);
			preferredProjectObjectVersion = 77;
			productRefGroup = 7D7F7C0172E0B3D15E76EEC0 /* Products */;
			projectDirPath = "";
			projectRoot = "";
			targets = (
				6F9A91BB3BA886B9C74CD8C2 /* AppTests */,
				5D8FBFD9FDC520E7735CF092 /* DesignSystemTests */,
				C2CA1E955E162F8261AF65EE /* FuelWellApp */,
			);
		};
/* End PBXProject section */

/* Begin PBXSourcesBuildPhase section */
		17D43A46582678CB0D45CDE8 /* Sources */ = {
			isa = PBXSourcesBuildPhase;
			buildActionMask = 2147483647;
			files = (
				CEA676DAAFF8793964D8A9A7 /* ThemeTests.swift in Sources */,
			);
			runOnlyForDeploymentPostprocessing = 0;
		};
		2A1A07BB3B6AE2685ECE5339 /* Sources */ = {
			isa = PBXSourcesBuildPhase;
			buildActionMask = 2147483647;
			files = (
				46DCE2683117D957327FC93F /* AppFeatureTests.swift in Sources */,
			);
			runOnlyForDeploymentPostprocessing = 0;
		};
		F28E320FBFF85119E8B0BEBB /* Sources */ = {
			isa = PBXSourcesBuildPhase;
			buildActionMask = 2147483647;
			files = (
				24FE11C46090BD2F0F3DE4E8 /* FuelWellApp.swift in Sources */,
			);
			runOnlyForDeploymentPostprocessing = 0;
		};
/* End PBXSourcesBuildPhase section */

/* Begin XCBuildConfiguration section */
		0C63A24CB7E95B925C3F6CDF /* Release */ = {
			isa = XCBuildConfiguration;
			buildSettings = {
				ASSETCATALOG_COMPILER_APPICON_NAME = AppIcon;
				CODE_SIGN_IDENTITY = "iPhone Developer";
				GENERATE_INFOPLIST_FILE = YES;
				INFOPLIST_KEY_UIApplicationSceneManifest_Generation = YES;
				INFOPLIST_KEY_UIApplicationSupportsIndirectInputEvents = YES;
				INFOPLIST_KEY_UILaunchScreen_Generation = YES;
				IPHONEOS_DEPLOYMENT_TARGET = 17.0;
				LD_RUNPATH_SEARCH_PATHS = (
					"$(inherited)",
					"@executable_path/Frameworks",
				);
				PRODUCT_BUNDLE_IDENTIFIER = com.fuelwell.app;
				SDKROOT = iphoneos;
				TARGETED_DEVICE_FAMILY = "1,2";
			};
			name = Release;
		};
		2CDB91D75142F89C5777F8EA /* Release */ = {
			isa = XCBuildConfiguration;
			buildSettings = {
				ALWAYS_SEARCH_USER_PATHS = NO;
				CLANG_ANALYZER_NONNULL = YES;
				CLANG_ANALYZER_NUMBER_OBJECT_CONVERSION = YES_AGGRESSIVE;
				CLANG_CXX_LANGUAGE_STANDARD = "gnu++14";
				CLANG_CXX_LIBRARY = "libc++";
				CLANG_ENABLE_MODULES = YES;
				CLANG_ENABLE_OBJC_ARC = YES;
				CLANG_ENABLE_OBJC_WEAK = YES;
				CLANG_WARN_BLOCK_CAPTURE_AUTORELEASING = YES;
				CLANG_WARN_BOOL_CONVERSION = YES;
				CLANG_WARN_COMMA = YES;
				CLANG_WARN_CONSTANT_CONVERSION = YES;
				CLANG_WARN_DEPRECATED_OBJC_IMPLEMENTATIONS = YES;
				CLANG_WARN_DIRECT_OBJC_ISA_USAGE = YES_ERROR;
				CLANG_WARN_DOCUMENTATION_COMMENTS = YES;
				CLANG_WARN_EMPTY_BODY = YES;
				CLANG_WARN_ENUM_CONVERSION = YES;
				CLANG_WARN_INFINITE_RECURSION = YES;
				CLANG_WARN_INT_CONVERSION = YES;
				CLANG_WARN_NON_LITERAL_NULL_CONVERSION = YES;
				CLANG_WARN_OBJC_IMPLICIT_RETAIN_SELF = YES;
				CLANG_WARN_OBJC_LITERAL_CONVERSION = YES;
				CLANG_WARN_OBJC_ROOT_CLASS = YES_ERROR;
				CLANG_WARN_QUOTED_INCLUDE_IN_FRAMEWORK_HEADER = YES;
				CLANG_WARN_RANGE_LOOP_ANALYSIS = YES;
				CLANG_WARN_STRICT_PROTOTYPES = YES;
				CLANG_WARN_SUSPICIOUS_MOVE = YES;
				CLANG_WARN_UNGUARDED_AVAILABILITY = YES_AGGRESSIVE;
				CLANG_WARN_UNREACHABLE_CODE = YES;
				CLANG_WARN__DUPLICATE_METHOD_MATCH = YES;
				COPY_PHASE_STRIP = NO;
				DEBUG_INFORMATION_FORMAT = "dwarf-with-dsym";
				ENABLE_NS_ASSERTIONS = NO;
				ENABLE_STRICT_OBJC_MSGSEND = YES;
				GCC_C_LANGUAGE_STANDARD = gnu11;
				GCC_NO_COMMON_BLOCKS = YES;
				GCC_TREAT_WARNINGS_AS_ERRORS = YES;
				GCC_WARN_64_TO_32_BIT_CONVERSION = YES;
				GCC_WARN_ABOUT_RETURN_TYPE = YES_ERROR;
				GCC_WARN_UNDECLARED_SELECTOR = YES;
				GCC_WARN_UNINITIALIZED_AUTOS = YES_AGGRESSIVE;
				GCC_WARN_UNUSED_FUNCTION = YES;
				GCC_WARN_UNUSED_VARIABLE = YES;
				IPHONEOS_DEPLOYMENT_TARGET = 17.0;
				MTL_ENABLE_DEBUG_INFO = NO;
				MTL_FAST_MATH = YES;
				PRODUCT_NAME = "$(TARGET_NAME)";
				SDKROOT = iphoneos;
				SWIFT_COMPILATION_MODE = wholemodule;
				SWIFT_OPTIMIZATION_LEVEL = "-O";
				SWIFT_STRICT_CONCURRENCY = complete;
				SWIFT_TREAT_WARNINGS_AS_ERRORS = YES;
				SWIFT_VERSION = 6.0;
			};
			name = Release;
		};
		43FBEB91744C27102B235029 /* Debug */ = {
			isa = XCBuildConfiguration;
			buildSettings = {
				BUNDLE_LOADER = "$(TEST_HOST)";
				GENERATE_INFOPLIST_FILE = YES;
				IPHONEOS_DEPLOYMENT_TARGET = 17.0;
				LD_RUNPATH_SEARCH_PATHS = (
					"$(inherited)",
					"@executable_path/Frameworks",
					"@loader_path/Frameworks",
				);
				PRODUCT_BUNDLE_IDENTIFIER = com.fuelwell.AppTests;
				SDKROOT = iphoneos;
				TARGETED_DEVICE_FAMILY = "1,2";
			};
			name = Debug;
		};
		554AA3D947DD77A3EF719C8D /* Release */ = {
			isa = XCBuildConfiguration;
			buildSettings = {
				BUNDLE_LOADER = "$(TEST_HOST)";
				GENERATE_INFOPLIST_FILE = YES;
				IPHONEOS_DEPLOYMENT_TARGET = 17.0;
				LD_RUNPATH_SEARCH_PATHS = (
					"$(inherited)",
					"@executable_path/Frameworks",
					"@loader_path/Frameworks",
				);
				PRODUCT_BUNDLE_IDENTIFIER = com.fuelwell.AppTests;
				SDKROOT = iphoneos;
				TARGETED_DEVICE_FAMILY = "1,2";
			};
			name = Release;
		};
		5EF783363E3938CE13CE19A0 /* Debug */ = {
			isa = XCBuildConfiguration;
			buildSettings = {
				BUNDLE_LOADER = "$(TEST_HOST)";
				GENERATE_INFOPLIST_FILE = YES;
				IPHONEOS_DEPLOYMENT_TARGET = 17.0;
				LD_RUNPATH_SEARCH_PATHS = (
					"$(inherited)",
					"@executable_path/Frameworks",
					"@loader_path/Frameworks",
				);
				PRODUCT_BUNDLE_IDENTIFIER = com.fuelwell.DesignSystemTests;
				SDKROOT = iphoneos;
				TARGETED_DEVICE_FAMILY = "1,2";
			};
			name = Debug;
		};
		86B5E43F21253C3E8219D7B1 /* Release */ = {
			isa = XCBuildConfiguration;
			buildSettings = {
				BUNDLE_LOADER = "$(TEST_HOST)";
				GENERATE_INFOPLIST_FILE = YES;
				IPHONEOS_DEPLOYMENT_TARGET = 17.0;
				LD_RUNPATH_SEARCH_PATHS = (
					"$(inherited)",
					"@executable_path/Frameworks",
					"@loader_path/Frameworks",
				);
				PRODUCT_BUNDLE_IDENTIFIER = com.fuelwell.DesignSystemTests;
				SDKROOT = iphoneos;
				TARGETED_DEVICE_FAMILY = "1,2";
			};
			name = Release;
		};
		A5BEC9E8364A2DD8160121BC /* Debug */ = {
			isa = XCBuildConfiguration;
			buildSettings = {
				ALWAYS_SEARCH_USER_PATHS = NO;
				CLANG_ANALYZER_NONNULL = YES;
				CLANG_ANALYZER_NUMBER_OBJECT_CONVERSION = YES_AGGRESSIVE;
				CLANG_CXX_LANGUAGE_STANDARD = "gnu++14";
				CLANG_CXX_LIBRARY = "libc++";
				CLANG_ENABLE_MODULES = YES;
				CLANG_ENABLE_OBJC_ARC = YES;
				CLANG_ENABLE_OBJC_WEAK = YES;
				CLANG_WARN_BLOCK_CAPTURE_AUTORELEASING = YES;
				CLANG_WARN_BOOL_CONVERSION = YES;
				CLANG_WARN_COMMA = YES;
				CLANG_WARN_CONSTANT_CONVERSION = YES;
				CLANG_WARN_DEPRECATED_OBJC_IMPLEMENTATIONS = YES;
				CLANG_WARN_DIRECT_OBJC_ISA_USAGE = YES_ERROR;
				CLANG_WARN_DOCUMENTATION_COMMENTS = YES;
				CLANG_WARN_EMPTY_BODY = YES;
				CLANG_WARN_ENUM_CONVERSION = YES;
				CLANG_WARN_INFINITE_RECURSION = YES;
				CLANG_WARN_INT_CONVERSION = YES;
				CLANG_WARN_NON_LITERAL_NULL_CONVERSION = YES;
				CLANG_WARN_OBJC_IMPLICIT_RETAIN_SELF = YES;
				CLANG_WARN_OBJC_LITERAL_CONVERSION = YES;
				CLANG_WARN_OBJC_ROOT_CLASS = YES_ERROR;
				CLANG_WARN_QUOTED_INCLUDE_IN_FRAMEWORK_HEADER = YES;
				CLANG_WARN_RANGE_LOOP_ANALYSIS = YES;
				CLANG_WARN_STRICT_PROTOTYPES = YES;
				CLANG_WARN_SUSPICIOUS_MOVE = YES;
				CLANG_WARN_UNGUARDED_AVAILABILITY = YES_AGGRESSIVE;
				CLANG_WARN_UNREACHABLE_CODE = YES;
				CLANG_WARN__DUPLICATE_METHOD_MATCH = YES;
				COPY_PHASE_STRIP = NO;
				DEBUG_INFORMATION_FORMAT = dwarf;
				ENABLE_STRICT_OBJC_MSGSEND = YES;
				ENABLE_TESTABILITY = YES;
				GCC_C_LANGUAGE_STANDARD = gnu11;
				GCC_DYNAMIC_NO_PIC = NO;
				GCC_NO_COMMON_BLOCKS = YES;
				GCC_OPTIMIZATION_LEVEL = 0;
				GCC_PREPROCESSOR_DEFINITIONS = (
					"$(inherited)",
					"DEBUG=1",
				);
				GCC_TREAT_WARNINGS_AS_ERRORS = YES;
				GCC_WARN_64_TO_32_BIT_CONVERSION = YES;
				GCC_WARN_ABOUT_RETURN_TYPE = YES_ERROR;
				GCC_WARN_UNDECLARED_SELECTOR = YES;
				GCC_WARN_UNINITIALIZED_AUTOS = YES_AGGRESSIVE;
				GCC_WARN_UNUSED_FUNCTION = YES;
				GCC_WARN_UNUSED_VARIABLE = YES;
				IPHONEOS_DEPLOYMENT_TARGET = 17.0;
				MTL_ENABLE_DEBUG_INFO = INCLUDE_SOURCE;
				MTL_FAST_MATH = YES;
				ONLY_ACTIVE_ARCH = YES;
				PRODUCT_NAME = "$(TARGET_NAME)";
				SDKROOT = iphoneos;
				SWIFT_ACTIVE_COMPILATION_CONDITIONS = DEBUG;
				SWIFT_OPTIMIZATION_LEVEL = "-Onone";
				SWIFT_STRICT_CONCURRENCY = complete;
				SWIFT_TREAT_WARNINGS_AS_ERRORS = YES;
				SWIFT_VERSION = 6.0;
			};
			name = Debug;
		};
		B9EEE1D773BE73FCD806371B /* Debug */ = {
			isa = XCBuildConfiguration;
			buildSettings = {
				ASSETCATALOG_COMPILER_APPICON_NAME = AppIcon;
				CODE_SIGN_IDENTITY = "iPhone Developer";
				GENERATE_INFOPLIST_FILE = YES;
				INFOPLIST_KEY_UIApplicationSceneManifest_Generation = YES;
				INFOPLIST_KEY_UIApplicationSupportsIndirectInputEvents = YES;
				INFOPLIST_KEY_UILaunchScreen_Generation = YES;
				IPHONEOS_DEPLOYMENT_TARGET = 17.0;
				LD_RUNPATH_SEARCH_PATHS = (
					"$(inherited)",
					"@executable_path/Frameworks",
				);
				PRODUCT_BUNDLE_IDENTIFIER = com.fuelwell.app;
				SDKROOT = iphoneos;
				TARGETED_DEVICE_FAMILY = "1,2";
			};
			name = Debug;
		};
/* End XCBuildConfiguration section */

/* Begin XCConfigurationList section */
		87DCD4D82E4255757563D201 /* Build configuration list for PBXNativeTarget "DesignSystemTests" */ = {
			isa = XCConfigurationList;
			buildConfigurations = (
				5EF783363E3938CE13CE19A0 /* Debug */,
				86B5E43F21253C3E8219D7B1 /* Release */,
			);
			defaultConfigurationIsVisible = 0;
			defaultConfigurationName = Debug;
		};
		8E81FCF2A71CD70F8698D1DC /* Build configuration list for PBXNativeTarget "FuelWellApp" */ = {
			isa = XCConfigurationList;
			buildConfigurations = (
				B9EEE1D773BE73FCD806371B /* Debug */,
				0C63A24CB7E95B925C3F6CDF /* Release */,
			);
			defaultConfigurationIsVisible = 0;
			defaultConfigurationName = Debug;
		};
		D5730280C81149AA11794C4A /* Build configuration list for PBXProject "FuelWellApp" */ = {
			isa = XCConfigurationList;
			buildConfigurations = (
				A5BEC9E8364A2DD8160121BC /* Debug */,
				2CDB91D75142F89C5777F8EA /* Release */,
			);
			defaultConfigurationIsVisible = 0;
			defaultConfigurationName = Debug;
		};
		F2FD6A5373636A01752F4A02 /* Build configuration list for PBXNativeTarget "AppTests" */ = {
			isa = XCConfigurationList;
			buildConfigurations = (
				43FBEB91744C27102B235029 /* Debug */,
				554AA3D947DD77A3EF719C8D /* Release */,
			);
			defaultConfigurationIsVisible = 0;
			defaultConfigurationName = Debug;
		};
/* End XCConfigurationList section */

/* Begin XCLocalSwiftPackageReference section */
		262A3E2C14A35915F962359B /* XCLocalSwiftPackageReference "Packages/Persistence" */ = {
			isa = XCLocalSwiftPackageReference;
			relativePath = Packages/Persistence;
		};
		6B9AA57CE984994EDE606450 /* XCLocalSwiftPackageReference "Packages/DesignSystem" */ = {
			isa = XCLocalSwiftPackageReference;
			relativePath = Packages/DesignSystem;
		};
		6C4CDCEB2517CF9553863029 /* XCLocalSwiftPackageReference "Packages/Networking" */ = {
			isa = XCLocalSwiftPackageReference;
			relativePath = Packages/Networking;
		};
		B3F0EFDB5AF59C69402F2259 /* XCLocalSwiftPackageReference "Features/App" */ = {
			isa = XCLocalSwiftPackageReference;
			relativePath = Features/App;
		};
		F476E6E8BBB4B9B4C316D18D /* XCLocalSwiftPackageReference "Packages/Core" */ = {
			isa = XCLocalSwiftPackageReference;
			relativePath = Packages/Core;
		};
/* End XCLocalSwiftPackageReference section */

/* Begin XCSwiftPackageProductDependency section */
		159612099978ADB2428B15D4 /* App */ = {
			isa = XCSwiftPackageProductDependency;
			productName = App;
		};
		370FE810A7736B66746FACA9 /* DesignSystem */ = {
			isa = XCSwiftPackageProductDependency;
			productName = DesignSystem;
		};
		4D23E8317116A890B8DAA8FE /* DesignSystem */ = {
			isa = XCSwiftPackageProductDependency;
			productName = DesignSystem;
		};
		C9717509AAA91CD741114D46 /* App */ = {
			isa = XCSwiftPackageProductDependency;
			productName = App;
		};
/* End XCSwiftPackageProductDependency section */
	};
	rootObject = 2A9726E314373D145CDE4934 /* Project object */;
}
